// !$*UTF8*$!
{
	archiveVersion = 1;
	classes = {
	};
	objectVersion = 46;
	objects = {

/* Begin PBXBuildFile section */
		3F46EED716B09EA400456009 /* Level2.m in Sources */ = {isa = PBXBuildFile; fileRef = 3F46EED616B09EA400456009 /* Level2.m */; };
		3F46EF0916B2149A00456009 /* Level3.m in Sources */ = {isa = PBXBuildFile; fileRef = 3F46EF0816B2149900456009 /* Level3.m */; };
		3F46EF4116BA4C6400456009 /* MissilePlant.m in Sources */ = {isa = PBXBuildFile; fileRef = 3F46EF4016BA4C6400456009 /* MissilePlant.m */; };
		3F46EF4516BA5CB200456009 /* Missile.m in Sources */ = {isa = PBXBuildFile; fileRef = 3F46EF4416BA5CB200456009 /* Missile.m */; };
		3F46EF4816BA6AE100456009 /* Fly.m in Sources */ = {isa = PBXBuildFile; fileRef = 3F46EF4716BA6AE000456009 /* Fly.m */; };
		3F46EF4B16BA980700456009 /* Bee.m in Sources */ = {isa = PBXBuildFile; fileRef = 3F46EF4A16BA980700456009 /* Bee.m */; };
		3F506CF216BC9A3C0005A85E /* Level5.m in Sources */ = {isa = PBXBuildFile; fileRef = 3F506CF116BC9A3C0005A85E /* Level5.m */; };
		3F708E5A16BCFF5F00815F96 /* config.lua in Resources */ = {isa = PBXBuildFile; fileRef = 3F708E5916BCFF5F00815F96 /* config.lua */; };
		3F708E7F16BD485D00815F96 /* dark-hd.png in Resources */ = {isa = PBXBuildFile; fileRef = 3F708E5B16BD485C00815F96 /* dark-hd.png */; };
		3F708E8016BD485D00815F96 /* dark.png in Resources */ = {isa = PBXBuildFile; fileRef = 3F708E5C16BD485C00815F96 /* dark.png */; };
		3F708E8316BD485D00815F96 /* level1-hd.png in Resources */ = {isa = PBXBuildFile; fileRef = 3F708E5F16BD485C00815F96 /* level1-hd.png */; };
		3F708E8416BD485D00815F96 /* level1.png in Resources */ = {isa = PBXBuildFile; fileRef = 3F708E6016BD485C00815F96 /* level1.png */; };
		3F708E8716BD485D00815F96 /* level2-hd.png in Resources */ = {isa = PBXBuildFile; fileRef = 3F708E6316BD485C00815F96 /* level2-hd.png */; };
		3F708E8816BD485D00815F96 /* level2.png in Resources */ = {isa = PBXBuildFile; fileRef = 3F708E6416BD485C00815F96 /* level2.png */; };
		3F708E8B16BD485D00815F96 /* level3-hd.png in Resources */ = {isa = PBXBuildFile; fileRef = 3F708E6716BD485C00815F96 /* level3-hd.png */; };
		3F708E8C16BD485D00815F96 /* level3.png in Resources */ = {isa = PBXBuildFile; fileRef = 3F708E6816BD485C00815F96 /* level3.png */; };
		3F708E8F16BD485D00815F96 /* level4-hd.png in Resources */ = {isa = PBXBuildFile; fileRef = 3F708E6B16BD485C00815F96 /* level4-hd.png */; };
		3F708E9016BD485D00815F96 /* level4.png in Resources */ = {isa = PBXBuildFile; fileRef = 3F708E6C16BD485C00815F96 /* level4.png */; };
		3F708E9316BD485D00815F96 /* level5-hd.png in Resources */ = {isa = PBXBuildFile; fileRef = 3F708E6F16BD485C00815F96 /* level5-hd.png */; };
		3F708E9416BD485D00815F96 /* level5.png in Resources */ = {isa = PBXBuildFile; fileRef = 3F708E7016BD485C00815F96 /* level5.png */; };
		3F708E9516BD485D00815F96 /* selectlevel-hd.png in Resources */ = {isa = PBXBuildFile; fileRef = 3F708E7116BD485C00815F96 /* selectlevel-hd.png */; };
		3F708E9616BD485D00815F96 /* selectlevel.png in Resources */ = {isa = PBXBuildFile; fileRef = 3F708E7216BD485C00815F96 /* selectlevel.png */; };
		3F708E9716BD485D00815F96 /* tryagain-hd.png in Resources */ = {isa = PBXBuildFile; fileRef = 3F708E7316BD485C00815F96 /* tryagain-hd.png */; };
		3F708E9816BD485D00815F96 /* tryagain.png in Resources */ = {isa = PBXBuildFile; fileRef = 3F708E7416BD485D00815F96 /* tryagain.png */; };
		3F708E9916BD485D00815F96 /* trythebomb-hd.png in Resources */ = {isa = PBXBuildFile; fileRef = 3F708E7516BD485D00815F96 /* trythebomb-hd.png */; };
		3F708E9A16BD485D00815F96 /* trythebomb.png in Resources */ = {isa = PBXBuildFile; fileRef = 3F708E7616BD485D00815F96 /* trythebomb.png */; };
		3F708E9B16BD485D00815F96 /* unlock2-hd.png in Resources */ = {isa = PBXBuildFile; fileRef = 3F708E7716BD485D00815F96 /* unlock2-hd.png */; };
		3F708E9C16BD485D00815F96 /* unlock2.png in Resources */ = {isa = PBXBuildFile; fileRef = 3F708E7816BD485D00815F96 /* unlock2.png */; };
		3F708E9D16BD485D00815F96 /* unlock3-hd.png in Resources */ = {isa = PBXBuildFile; fileRef = 3F708E7916BD485D00815F96 /* unlock3-hd.png */; };
		3F708E9E16BD485D00815F96 /* unlock3.png in Resources */ = {isa = PBXBuildFile; fileRef = 3F708E7A16BD485D00815F96 /* unlock3.png */; };
		3F708E9F16BD485D00815F96 /* unlock4-hd.png in Resources */ = {isa = PBXBuildFile; fileRef = 3F708E7B16BD485D00815F96 /* unlock4-hd.png */; };
		3F708EA016BD485D00815F96 /* unlock4.png in Resources */ = {isa = PBXBuildFile; fileRef = 3F708E7C16BD485D00815F96 /* unlock4.png */; };
		3F708EA116BD485D00815F96 /* unlock5-hd.png in Resources */ = {isa = PBXBuildFile; fileRef = 3F708E7D16BD485D00815F96 /* unlock5-hd.png */; };
		3F708EA216BD485D00815F96 /* unlock5.png in Resources */ = {isa = PBXBuildFile; fileRef = 3F708E7E16BD485D00815F96 /* unlock5.png */; };
		3F708EA916BDCFD000815F96 /* explosion-hd.png in Resources */ = {isa = PBXBuildFile; fileRef = 3F708EA316BDCFCF00815F96 /* explosion-hd.png */; };
		3F708EAA16BDCFD000815F96 /* explosion.png in Resources */ = {isa = PBXBuildFile; fileRef = 3F708EA416BDCFCF00815F96 /* explosion.png */; };
		3F708EAB16BDCFD000815F96 /* powerbar-hd.png in Resources */ = {isa = PBXBuildFile; fileRef = 3F708EA516BDCFD000815F96 /* powerbar-hd.png */; };
		3F708EAC16BDCFD000815F96 /* powerbar.png in Resources */ = {isa = PBXBuildFile; fileRef = 3F708EA616BDCFD000815F96 /* powerbar.png */; };
		3F708EAD16BDCFD000815F96 /* powerbarcontainer-hd.png in Resources */ = {isa = PBXBuildFile; fileRef = 3F708EA716BDCFD000815F96 /* powerbarcontainer-hd.png */; };
		3F708EAE16BDCFD000815F96 /* powerbarcontainer.png in Resources */ = {isa = PBXBuildFile; fileRef = 3F708EA816BDCFD000815F96 /* powerbarcontainer.png */; };
		3F708EB116BE232900815F96 /* Congrats.m in Sources */ = {isa = PBXBuildFile; fileRef = 3F708EB016BE232900815F96 /* Congrats.m */; };
		3F708EB416BE23A300815F96 /* Global.m in Sources */ = {isa = PBXBuildFile; fileRef = 3F708EB316BE23A200815F96 /* Global.m */; };
		3F708EBF16BE2F7100815F96 /* levels1-hd.png in Resources */ = {isa = PBXBuildFile; fileRef = 3F708EB516BE2F6D00815F96 /* levels1-hd.png */; };
		3F708EC016BE2F7100815F96 /* levels1.png in Resources */ = {isa = PBXBuildFile; fileRef = 3F708EB616BE2F6D00815F96 /* levels1.png */; };
		3F708EC116BE2F7100815F96 /* levels2-hd.png in Resources */ = {isa = PBXBuildFile; fileRef = 3F708EB716BE2F6D00815F96 /* levels2-hd.png */; };
		3F708EC216BE2F7100815F96 /* levels2.png in Resources */ = {isa = PBXBuildFile; fileRef = 3F708EB816BE2F6D00815F96 /* levels2.png */; };
		3F708EC316BE2F7100815F96 /* levels3-hd.png in Resources */ = {isa = PBXBuildFile; fileRef = 3F708EB916BE2F6E00815F96 /* levels3-hd.png */; };
		3F708EC416BE2F7100815F96 /* levels3.png in Resources */ = {isa = PBXBuildFile; fileRef = 3F708EBA16BE2F6E00815F96 /* levels3.png */; };
		3F708EC516BE2F7100815F96 /* levels4-hd.png in Resources */ = {isa = PBXBuildFile; fileRef = 3F708EBB16BE2F6E00815F96 /* levels4-hd.png */; };
		3F708EC616BE2F7100815F96 /* levels4.png in Resources */ = {isa = PBXBuildFile; fileRef = 3F708EBC16BE2F6E00815F96 /* levels4.png */; };
		3F708EC716BE2F7100815F96 /* levels5-hd.png in Resources */ = {isa = PBXBuildFile; fileRef = 3F708EBD16BE2F6E00815F96 /* levels5-hd.png */; };
		3F708EC816BE2F7100815F96 /* levels5.png in Resources */ = {isa = PBXBuildFile; fileRef = 3F708EBE16BE2F6F00815F96 /* levels5.png */; };
		3F708ECB16BE38F800815F96 /* Bug.m in Sources */ = {isa = PBXBuildFile; fileRef = 3F708ECA16BE38F700815F96 /* Bug.m */; };
		3FA61EE416AF31F300A65E8F /* Plant.m in Sources */ = {isa = PBXBuildFile; fileRef = 3FA61EE316AF31F300A65E8F /* Plant.m */; };
		3FA61F0B16AFB7DB00A65E8F /* StartLayer.m in Sources */ = {isa = PBXBuildFile; fileRef = 3FA61F0A16AFB7DA00A65E8F /* StartLayer.m */; };
		3FA61F0D16AFBC5300A65E8F /* Level1.m in Sources */ = {isa = PBXBuildFile; fileRef = 3FA61F0C16AFBC5300A65E8F /* Level1.m */; };
		3FD1EF7D16BB2F9C009BF821 /* Redbug.m in Sources */ = {isa = PBXBuildFile; fileRef = 3FD1EF7C16BB2F9C009BF821 /* Redbug.m */; };
		3FD1EF8016BB3179009BF821 /* Bomb.m in Sources */ = {isa = PBXBuildFile; fileRef = 3FD1EF7F16BB3179009BF821 /* Bomb.m */; };
		3FD1EF8316BB82C6009BF821 /* Bazooka.m in Sources */ = {isa = PBXBuildFile; fileRef = 3FD1EF8216BB82C5009BF821 /* Bazooka.m */; };
		3FD1EF8616BB82E3009BF821 /* Freezer.m in Sources */ = {isa = PBXBuildFile; fileRef = 3FD1EF8516BB82E2009BF821 /* Freezer.m */; };
		3FD1F00616BC04E9009BF821 /* Level4.m in Sources */ = {isa = PBXBuildFile; fileRef = 3FD1F00516BC04E8009BF821 /* Level4.m */; };
		DC1BE6A014F417CC00F49D25 /* Ubuntu-B.ttf in Resources */ = {isa = PBXBuildFile; fileRef = DC1BE68C14F417CC00F49D25 /* Ubuntu-B.ttf */; };
		DC1BE6A114F417CC00F49D25 /* Ubuntu-BI.ttf in Resources */ = {isa = PBXBuildFile; fileRef = DC1BE68D14F417CC00F49D25 /* Ubuntu-BI.ttf */; };
		DC1BE6A214F417CC00F49D25 /* Ubuntu-C.ttf in Resources */ = {isa = PBXBuildFile; fileRef = DC1BE68E14F417CC00F49D25 /* Ubuntu-C.ttf */; };
		DC1BE6A314F417CC00F49D25 /* Ubuntu-L.ttf in Resources */ = {isa = PBXBuildFile; fileRef = DC1BE68F14F417CC00F49D25 /* Ubuntu-L.ttf */; };
		DC1BE6A414F417CC00F49D25 /* Ubuntu-LI.ttf in Resources */ = {isa = PBXBuildFile; fileRef = DC1BE69014F417CC00F49D25 /* Ubuntu-LI.ttf */; };
		DC1BE6A514F417CC00F49D25 /* Ubuntu-M.ttf in Resources */ = {isa = PBXBuildFile; fileRef = DC1BE69114F417CC00F49D25 /* Ubuntu-M.ttf */; };
		DC1BE6A614F417CC00F49D25 /* Ubuntu-MI.ttf in Resources */ = {isa = PBXBuildFile; fileRef = DC1BE69214F417CC00F49D25 /* Ubuntu-MI.ttf */; };
		DC1BE6A714F417CC00F49D25 /* Ubuntu-R.ttf in Resources */ = {isa = PBXBuildFile; fileRef = DC1BE69314F417CC00F49D25 /* Ubuntu-R.ttf */; };
		DC1BE6A814F417CC00F49D25 /* Ubuntu-RI.ttf in Resources */ = {isa = PBXBuildFile; fileRef = DC1BE69414F417CC00F49D25 /* Ubuntu-RI.ttf */; };
		DC1BE6A914F417CC00F49D25 /* UbuntuMono-B.ttf in Resources */ = {isa = PBXBuildFile; fileRef = DC1BE69514F417CC00F49D25 /* UbuntuMono-B.ttf */; };
		DC1BE6AA14F417CC00F49D25 /* UbuntuMono-BI.ttf in Resources */ = {isa = PBXBuildFile; fileRef = DC1BE69614F417CC00F49D25 /* UbuntuMono-BI.ttf */; };
		DC1BE6AB14F417CC00F49D25 /* UbuntuMono-R.ttf in Resources */ = {isa = PBXBuildFile; fileRef = DC1BE69714F417CC00F49D25 /* UbuntuMono-R.ttf */; };
		DC1BE6AC14F417CC00F49D25 /* UbuntuMono-RI.ttf in Resources */ = {isa = PBXBuildFile; fileRef = DC1BE69814F417CC00F49D25 /* UbuntuMono-RI.ttf */; };
		DC26D6DA14B9F2C600B6002E /* fps_images-hd.png in Resources */ = {isa = PBXBuildFile; fileRef = DC26D6D914B9F2C600B6002E /* fps_images-hd.png */; };
		DC26D6DB14B9F2C600B6002E /* fps_images-hd.png in Resources */ = {isa = PBXBuildFile; fileRef = DC26D6D914B9F2C600B6002E /* fps_images-hd.png */; };
		DC2721A2160CAEB600D88944 /* Default-568h@2x.png in Resources */ = {isa = PBXBuildFile; fileRef = DC2721A1160CAEB600D88944 /* Default-568h@2x.png */; };
		DC2721AA160CAFC700D88944 /* iTunesArtwork in Resources */ = {isa = PBXBuildFile; fileRef = DC2721A9160CAFC700D88944 /* iTunesArtwork */; };
		DC485B1113AA0E5600F2BC70 /* libchipmunk-mac.a in Frameworks */ = {isa = PBXBuildFile; fileRef = DC485B0D13AA0E5600F2BC70 /* libchipmunk-mac.a */; };
		DC485B1713AA0EBB00F2BC70 /* libbox2d-mac.a in Frameworks */ = {isa = PBXBuildFile; fileRef = DC485B1613AA0EBB00F2BC70 /* libbox2d-mac.a */; };
		DC485B4613AA18A600F2BC70 /* libcocosdenshion-mac.a in Frameworks */ = {isa = PBXBuildFile; fileRef = DC485B4513AA18A600F2BC70 /* libcocosdenshion-mac.a */; };
		DC65615C13A969B600A7AC53 /* libbox2d-ios.a in Frameworks */ = {isa = PBXBuildFile; fileRef = DC65615013A969B600A7AC53 /* libbox2d-ios.a */; };
		DC65615D13A969B600A7AC53 /* libchipmunk-ios.a in Frameworks */ = {isa = PBXBuildFile; fileRef = DC65615113A969B600A7AC53 /* libchipmunk-ios.a */; };
		DC65615E13A969B600A7AC53 /* libchipmunk-spacemanager-ios.a in Frameworks */ = {isa = PBXBuildFile; fileRef = DC65615213A969B600A7AC53 /* libchipmunk-spacemanager-ios.a */; };
		DC65616013A969B600A7AC53 /* libcocos2d-extensions-ios.a in Frameworks */ = {isa = PBXBuildFile; fileRef = DC65615413A969B600A7AC53 /* libcocos2d-extensions-ios.a */; };
		DC65616113A969B600A7AC53 /* libcocos2d-ios.a in Frameworks */ = {isa = PBXBuildFile; fileRef = DC65615513A969B600A7AC53 /* libcocos2d-ios.a */; };
		DC65616213A969B600A7AC53 /* libcocos3d-ios.a in Frameworks */ = {isa = PBXBuildFile; fileRef = DC65615613A969B600A7AC53 /* libcocos3d-ios.a */; };
		DC65616313A969B600A7AC53 /* libcocosdenshion-ios.a in Frameworks */ = {isa = PBXBuildFile; fileRef = DC65615713A969B600A7AC53 /* libcocosdenshion-ios.a */; };
		DC65616413A969B600A7AC53 /* libkobold2d-ios.a in Frameworks */ = {isa = PBXBuildFile; fileRef = DC65615813A969B600A7AC53 /* libkobold2d-ios.a */; };
		DC65616513A969B600A7AC53 /* libobjectal-ios.a in Frameworks */ = {isa = PBXBuildFile; fileRef = DC65615913A969B600A7AC53 /* libobjectal-ios.a */; };
		DC65616613A969B600A7AC53 /* libsneakyinput-ios.a in Frameworks */ = {isa = PBXBuildFile; fileRef = DC65615A13A969B600A7AC53 /* libsneakyinput-ios.a */; };
		DC65617315114B4A00E59F8A /* fps_images-ipadhd.png in Resources */ = {isa = PBXBuildFile; fileRef = DC65617215114B4A00E59F8A /* fps_images-ipadhd.png */; };
		DC979E3E13B35F8800656CB9 /* libcocos2d-extensions-mac.a in Frameworks */ = {isa = PBXBuildFile; fileRef = DC979E3D13B35F8800656CB9 /* libcocos2d-extensions-mac.a */; };
		DC979E5A13B3607E00656CB9 /* libchipmunk-spacemanager-mac.a in Frameworks */ = {isa = PBXBuildFile; fileRef = DC979E5913B3607E00656CB9 /* libchipmunk-spacemanager-mac.a */; };
		DCC1A0FA13A94ED5005BD75D /* Default.png in Resources */ = {isa = PBXBuildFile; fileRef = DCC1A0F913A94ED5005BD75D /* Default.png */; };
		DCC1A0FC13A94ED5005BD75D /* fps_images.png in Resources */ = {isa = PBXBuildFile; fileRef = DCC1A0FB13A94ED5005BD75D /* fps_images.png */; };
		DCC1A0FE13A94ED5005BD75D /* Icon-72.png in Resources */ = {isa = PBXBuildFile; fileRef = DCC1A0FD13A94ED5005BD75D /* Icon-72.png */; };
		DCC1A10013A94ED5005BD75D /* Icon-Small-50.png in Resources */ = {isa = PBXBuildFile; fileRef = DCC1A0FF13A94ED5005BD75D /* Icon-Small-50.png */; };
		DCC1A10213A94ED5005BD75D /* Icon-Small.png in Resources */ = {isa = PBXBuildFile; fileRef = DCC1A10113A94ED5005BD75D /* Icon-Small.png */; };
		DCC1A10413A94ED5005BD75D /* Icon-Small@2x.png in Resources */ = {isa = PBXBuildFile; fileRef = DCC1A10313A94ED5005BD75D /* Icon-Small@2x.png */; };
		DCC1A10613A94ED5005BD75D /* Icon.png in Resources */ = {isa = PBXBuildFile; fileRef = DCC1A10513A94ED5005BD75D /* Icon.png */; };
		DCC1A10813A94ED5005BD75D /* Icon@2x.png in Resources */ = {isa = PBXBuildFile; fileRef = DCC1A10713A94ED5005BD75D /* Icon@2x.png */; };
		DCC1A26913A94EE6005BD75D /* InfoPlist.strings in Resources */ = {isa = PBXBuildFile; fileRef = DCC1A26713A94EE6005BD75D /* InfoPlist.strings */; };
		DCC1A26C13A94EE6005BD75D /* MainMenu.xib in Resources */ = {isa = PBXBuildFile; fileRef = DCC1A26A13A94EE6005BD75D /* MainMenu.xib */; };
		DCC1A26E13A94EE6005BD75D /* fps_images.png in Resources */ = {isa = PBXBuildFile; fileRef = DCC1A26D13A94EE6005BD75D /* fps_images.png */; };
		DCC1A27013A94EE6005BD75D /* icon.icns in Resources */ = {isa = PBXBuildFile; fileRef = DCC1A26F13A94EE6005BD75D /* icon.icns */; };
		DCC1A3A913A94F1A005BD75D /* AppDelegate.m in Sources */ = {isa = PBXBuildFile; fileRef = DCC1A38E13A94F1A005BD75D /* AppDelegate.m */; };
		DCC1A3AA13A94F1A005BD75D /* AppDelegate.m in Sources */ = {isa = PBXBuildFile; fileRef = DCC1A38E13A94F1A005BD75D /* AppDelegate.m */; };
		DCC1A3AD13A94F1A005BD75D /* main.m in Sources */ = {isa = PBXBuildFile; fileRef = DCC1A39113A94F1A005BD75D /* main.m */; };
		DCC1A3AE13A94F1A005BD75D /* main.m in Sources */ = {isa = PBXBuildFile; fileRef = DCC1A39113A94F1A005BD75D /* main.m */; };
		DCF95CD213A97EC500AE3B80 /* libcocos2d-mac.a in Frameworks */ = {isa = PBXBuildFile; fileRef = DCF95CC913A97EC500AE3B80 /* libcocos2d-mac.a */; };
		DCF95CD413A97EC500AE3B80 /* libkobold2d-mac.a in Frameworks */ = {isa = PBXBuildFile; fileRef = DCF95CCB13A97EC500AE3B80 /* libkobold2d-mac.a */; };
/* End PBXBuildFile section */

/* Begin PBXFileReference section */
		3F46EED516B09EA400456009 /* Level2.h */ = {isa = PBXFileReference; fileEncoding = 4; lastKnownFileType = sourcecode.c.h; path = Level2.h; sourceTree = "<group>"; };
		3F46EED616B09EA400456009 /* Level2.m */ = {isa = PBXFileReference; fileEncoding = 4; lastKnownFileType = sourcecode.c.objc; path = Level2.m; sourceTree = "<group>"; };
		3F46EF0716B2149900456009 /* Level3.h */ = {isa = PBXFileReference; fileEncoding = 4; lastKnownFileType = sourcecode.c.h; path = Level3.h; sourceTree = "<group>"; };
		3F46EF0816B2149900456009 /* Level3.m */ = {isa = PBXFileReference; fileEncoding = 4; lastKnownFileType = sourcecode.c.objc; path = Level3.m; sourceTree = "<group>"; };
		3F46EF3F16BA4C6400456009 /* MissilePlant.h */ = {isa = PBXFileReference; fileEncoding = 4; lastKnownFileType = sourcecode.c.h; path = MissilePlant.h; sourceTree = "<group>"; };
		3F46EF4016BA4C6400456009 /* MissilePlant.m */ = {isa = PBXFileReference; fileEncoding = 4; lastKnownFileType = sourcecode.c.objc; path = MissilePlant.m; sourceTree = "<group>"; };
		3F46EF4316BA5CB200456009 /* Missile.h */ = {isa = PBXFileReference; fileEncoding = 4; lastKnownFileType = sourcecode.c.h; path = Missile.h; sourceTree = "<group>"; };
		3F46EF4416BA5CB200456009 /* Missile.m */ = {isa = PBXFileReference; fileEncoding = 4; lastKnownFileType = sourcecode.c.objc; path = Missile.m; sourceTree = "<group>"; };
		3F46EF4616BA6AE000456009 /* Fly.h */ = {isa = PBXFileReference; fileEncoding = 4; lastKnownFileType = sourcecode.c.h; path = Fly.h; sourceTree = "<group>"; };
		3F46EF4716BA6AE000456009 /* Fly.m */ = {isa = PBXFileReference; fileEncoding = 4; lastKnownFileType = sourcecode.c.objc; path = Fly.m; sourceTree = "<group>"; };
		3F46EF4916BA980700456009 /* Bee.h */ = {isa = PBXFileReference; fileEncoding = 4; lastKnownFileType = sourcecode.c.h; path = Bee.h; sourceTree = "<group>"; };
		3F46EF4A16BA980700456009 /* Bee.m */ = {isa = PBXFileReference; fileEncoding = 4; lastKnownFileType = sourcecode.c.objc; path = Bee.m; sourceTree = "<group>"; };
		3F506CF016BC9A3C0005A85E /* Level5.h */ = {isa = PBXFileReference; fileEncoding = 4; lastKnownFileType = sourcecode.c.h; path = Level5.h; sourceTree = "<group>"; };
		3F506CF116BC9A3C0005A85E /* Level5.m */ = {isa = PBXFileReference; fileEncoding = 4; lastKnownFileType = sourcecode.c.objc; path = Level5.m; sourceTree = "<group>"; };
		3F708DB416BCFA4500815F96 /* an_gameover-hd.png */ = {isa = PBXFileReference; lastKnownFileType = image.png; path = "an_gameover-hd.png"; sourceTree = "<group>"; };
		3F708DB516BCFA4500815F96 /* an_gameover.png */ = {isa = PBXFileReference; lastKnownFileType = image.png; path = an_gameover.png; sourceTree = "<group>"; };
		3F708DB616BCFA4500815F96 /* an_level1-hd.png */ = {isa = PBXFileReference; lastKnownFileType = image.png; path = "an_level1-hd.png"; sourceTree = "<group>"; };
		3F708DB716BCFA4500815F96 /* an_level1.png */ = {isa = PBXFileReference; lastKnownFileType = image.png; path = an_level1.png; sourceTree = "<group>"; };
		3F708DB816BCFA4500815F96 /* an_level2-hd.png */ = {isa = PBXFileReference; lastKnownFileType = image.png; path = "an_level2-hd.png"; sourceTree = "<group>"; };
		3F708DB916BCFA4500815F96 /* an_level2.png */ = {isa = PBXFileReference; lastKnownFileType = image.png; path = an_level2.png; sourceTree = "<group>"; };
		3F708DBA16BCFA4500815F96 /* an_level3-hd.png */ = {isa = PBXFileReference; lastKnownFileType = image.png; path = "an_level3-hd.png"; sourceTree = "<group>"; };
		3F708DBB16BCFA4500815F96 /* an_level3.png */ = {isa = PBXFileReference; lastKnownFileType = image.png; path = an_level3.png; sourceTree = "<group>"; };
		3F708DBC16BCFA4500815F96 /* an_level4-hd.png */ = {isa = PBXFileReference; lastKnownFileType = image.png; path = "an_level4-hd.png"; sourceTree = "<group>"; };
		3F708DBD16BCFA4500815F96 /* an_level4.png */ = {isa = PBXFileReference; lastKnownFileType = image.png; path = an_level4.png; sourceTree = "<group>"; };
		3F708DBE16BCFA4500815F96 /* an_level5-hd.png */ = {isa = PBXFileReference; lastKnownFileType = image.png; path = "an_level5-hd.png"; sourceTree = "<group>"; };
		3F708DBF16BCFA4500815F96 /* an_level5.png */ = {isa = PBXFileReference; lastKnownFileType = image.png; path = an_level5.png; sourceTree = "<group>"; };
		3F708DC016BCFA4500815F96 /* an_welldone-hd.png */ = {isa = PBXFileReference; lastKnownFileType = image.png; path = "an_welldone-hd.png"; sourceTree = "<group>"; };
		3F708DC116BCFA4500815F96 /* an_welldone.png */ = {isa = PBXFileReference; lastKnownFileType = image.png; path = an_welldone.png; sourceTree = "<group>"; };
		3F708DC216BCFA4600815F96 /* bee-hd.plist */ = {isa = PBXFileReference; lastKnownFileType = text.plist.xml; path = "bee-hd.plist"; sourceTree = "<group>"; };
		3F708DC316BCFA4600815F96 /* bee-hd.png */ = {isa = PBXFileReference; lastKnownFileType = image.png; path = "bee-hd.png"; sourceTree = "<group>"; };
		3F708DC416BCFA4600815F96 /* bee.plist */ = {isa = PBXFileReference; lastKnownFileType = text.plist.xml; path = bee.plist; sourceTree = "<group>"; };
		3F708DC516BCFA4600815F96 /* bee.png */ = {isa = PBXFileReference; lastKnownFileType = image.png; path = bee.png; sourceTree = "<group>"; };
		3F708DC616BCFA4600815F96 /* bee1-hd.png */ = {isa = PBXFileReference; lastKnownFileType = image.png; path = "bee1-hd.png"; sourceTree = "<group>"; };
		3F708DC716BCFA4600815F96 /* bee1.png */ = {isa = PBXFileReference; lastKnownFileType = image.png; path = bee1.png; sourceTree = "<group>"; };
		3F708DC816BCFA4600815F96 /* bee2-hd.png */ = {isa = PBXFileReference; lastKnownFileType = image.png; path = "bee2-hd.png"; sourceTree = "<group>"; };
		3F708DC916BCFA4600815F96 /* bee2.png */ = {isa = PBXFileReference; lastKnownFileType = image.png; path = bee2.png; sourceTree = "<group>"; };
		3F708DCA16BCFA4600815F96 /* big sprites for plist generation */ = {isa = PBXFileReference; lastKnownFileType = folder; path = "big sprites for plist generation"; sourceTree = "<group>"; };
		3F708DCB16BCFA4600815F96 /* bomb_sel-hd.png */ = {isa = PBXFileReference; lastKnownFileType = image.png; path = "bomb_sel-hd.png"; sourceTree = "<group>"; };
		3F708DCC16BCFA4600815F96 /* bomb_sel.png */ = {isa = PBXFileReference; lastKnownFileType = image.png; path = bomb_sel.png; sourceTree = "<group>"; };
		3F708DCD16BCFA4600815F96 /* bomb-hd.png */ = {isa = PBXFileReference; lastKnownFileType = image.png; path = "bomb-hd.png"; sourceTree = "<group>"; };
		3F708DCE16BCFA4600815F96 /* bomb.png */ = {isa = PBXFileReference; lastKnownFileType = image.png; path = bomb.png; sourceTree = "<group>"; };
		3F708DCF16BCFA4600815F96 /* carniv1-hd.png */ = {isa = PBXFileReference; lastKnownFileType = image.png; path = "carniv1-hd.png"; sourceTree = "<group>"; };
		3F708DD016BCFA4600815F96 /* carniv1.png */ = {isa = PBXFileReference; lastKnownFileType = image.png; path = carniv1.png; sourceTree = "<group>"; };
		3F708DD116BCFA4600815F96 /* carniv2-hd.png */ = {isa = PBXFileReference; lastKnownFileType = image.png; path = "carniv2-hd.png"; sourceTree = "<group>"; };
		3F708DD216BCFA4600815F96 /* carniv2.png */ = {isa = PBXFileReference; lastKnownFileType = image.png; path = carniv2.png; sourceTree = "<group>"; };
		3F708DD316BCFA4600815F96 /* carniv3-hd.png */ = {isa = PBXFileReference; lastKnownFileType = image.png; path = "carniv3-hd.png"; sourceTree = "<group>"; };
		3F708DD416BCFA4600815F96 /* carniv3.png */ = {isa = PBXFileReference; lastKnownFileType = image.png; path = carniv3.png; sourceTree = "<group>"; };
		3F708DD516BCFA4600815F96 /* carniv4-hd.png */ = {isa = PBXFileReference; lastKnownFileType = image.png; path = "carniv4-hd.png"; sourceTree = "<group>"; };
		3F708DD616BCFA4600815F96 /* carniv4.png */ = {isa = PBXFileReference; lastKnownFileType = image.png; path = carniv4.png; sourceTree = "<group>"; };
		3F708DD716BCFA4600815F96 /* carniv5-hd.png */ = {isa = PBXFileReference; lastKnownFileType = image.png; path = "carniv5-hd.png"; sourceTree = "<group>"; };
		3F708DD816BCFA4600815F96 /* carniv5.png */ = {isa = PBXFileReference; lastKnownFileType = image.png; path = carniv5.png; sourceTree = "<group>"; };
		3F708DD916BCFA4600815F96 /* carniv6-hd.png */ = {isa = PBXFileReference; lastKnownFileType = image.png; path = "carniv6-hd.png"; sourceTree = "<group>"; };
		3F708DDA16BCFA4600815F96 /* carniv6.png */ = {isa = PBXFileReference; lastKnownFileType = image.png; path = carniv6.png; sourceTree = "<group>"; };
		3F708DDB16BCFA4600815F96 /* carniv7-hd.png */ = {isa = PBXFileReference; lastKnownFileType = image.png; path = "carniv7-hd.png"; sourceTree = "<group>"; };
		3F708DDC16BCFA4600815F96 /* carniv7.png */ = {isa = PBXFileReference; lastKnownFileType = image.png; path = carniv7.png; sourceTree = "<group>"; };
		3F708DDD16BCFA4600815F96 /* carniv8-hd.png */ = {isa = PBXFileReference; lastKnownFileType = image.png; path = "carniv8-hd.png"; sourceTree = "<group>"; };
		3F708DDE16BCFA4600815F96 /* carniv8.png */ = {isa = PBXFileReference; lastKnownFileType = image.png; path = carniv8.png; sourceTree = "<group>"; };
		3F708DDF16BCFA4600815F96 /* carniv9-hd.png */ = {isa = PBXFileReference; lastKnownFileType = image.png; path = "carniv9-hd.png"; sourceTree = "<group>"; };
		3F708DE016BCFA4600815F96 /* carniv9.png */ = {isa = PBXFileReference; lastKnownFileType = image.png; path = carniv9.png; sourceTree = "<group>"; };
		3F708DE116BCFA4600815F96 /* carniv11-hd.png */ = {isa = PBXFileReference; lastKnownFileType = image.png; path = "carniv11-hd.png"; sourceTree = "<group>"; };
		3F708DE216BCFA4600815F96 /* carniv11.png */ = {isa = PBXFileReference; lastKnownFileType = image.png; path = carniv11.png; sourceTree = "<group>"; };
		3F708DE316BCFA4600815F96 /* carniv12-hd.png */ = {isa = PBXFileReference; lastKnownFileType = image.png; path = "carniv12-hd.png"; sourceTree = "<group>"; };
		3F708DE416BCFA4600815F96 /* carniv12.png */ = {isa = PBXFileReference; lastKnownFileType = image.png; path = carniv12.png; sourceTree = "<group>"; };
		3F708DE516BCFA4600815F96 /* carniv13-hd.png */ = {isa = PBXFileReference; lastKnownFileType = image.png; path = "carniv13-hd.png"; sourceTree = "<group>"; };
		3F708DE616BCFA4600815F96 /* carniv13.png */ = {isa = PBXFileReference; lastKnownFileType = image.png; path = carniv13.png; sourceTree = "<group>"; };
		3F708DE816BCFA4600815F96 /* congrats-hd.png */ = {isa = PBXFileReference; lastKnownFileType = image.png; path = "congrats-hd.png"; sourceTree = "<group>"; };
		3F708DE916BCFA4600815F96 /* congrats.png */ = {isa = PBXFileReference; lastKnownFileType = image.png; path = congrats.png; sourceTree = "<group>"; };
		3F708DEA16BCFA4600815F96 /* congrats2-hd.png */ = {isa = PBXFileReference; lastKnownFileType = image.png; path = "congrats2-hd.png"; sourceTree = "<group>"; };
		3F708DEB16BCFA4600815F96 /* congrats2.png */ = {isa = PBXFileReference; lastKnownFileType = image.png; path = congrats2.png; sourceTree = "<group>"; };
		3F708DEC16BCFA4600815F96 /* congrats3-hd.png */ = {isa = PBXFileReference; lastKnownFileType = image.png; path = "congrats3-hd.png"; sourceTree = "<group>"; };
		3F708DED16BCFA4600815F96 /* congrats3.png */ = {isa = PBXFileReference; lastKnownFileType = image.png; path = congrats3.png; sourceTree = "<group>"; };
		3F708DEE16BCFA4600815F96 /* description-hd.png */ = {isa = PBXFileReference; lastKnownFileType = image.png; path = "description-hd.png"; sourceTree = "<group>"; };
		3F708DEF16BCFA4600815F96 /* description.png */ = {isa = PBXFileReference; lastKnownFileType = image.png; path = description.png; sourceTree = "<group>"; };
		3F708DF016BCFA4600815F96 /* exit_sel-hd.png */ = {isa = PBXFileReference; lastKnownFileType = image.png; path = "exit_sel-hd.png"; sourceTree = "<group>"; };
		3F708DF116BCFA4600815F96 /* exit_sel.png */ = {isa = PBXFileReference; lastKnownFileType = image.png; path = exit_sel.png; sourceTree = "<group>"; };
		3F708DF216BCFA4600815F96 /* exit-hd.png */ = {isa = PBXFileReference; lastKnownFileType = image.png; path = "exit-hd.png"; sourceTree = "<group>"; };
		3F708DF316BCFA4600815F96 /* exit.png */ = {isa = PBXFileReference; lastKnownFileType = image.png; path = exit.png; sourceTree = "<group>"; };
		3F708DF616BCFA4600815F96 /* fly-hd.plist */ = {isa = PBXFileReference; lastKnownFileType = text.plist.xml; path = "fly-hd.plist"; sourceTree = "<group>"; };
		3F708DF716BCFA4600815F96 /* fly-hd.png */ = {isa = PBXFileReference; lastKnownFileType = image.png; path = "fly-hd.png"; sourceTree = "<group>"; };
		3F708DF816BCFA4600815F96 /* fly.plist */ = {isa = PBXFileReference; lastKnownFileType = text.plist.xml; path = fly.plist; sourceTree = "<group>"; };
		3F708DF916BCFA4600815F96 /* fly.png */ = {isa = PBXFileReference; lastKnownFileType = image.png; path = fly.png; sourceTree = "<group>"; };
		3F708DFA16BCFA4600815F96 /* fly1-hd.png */ = {isa = PBXFileReference; lastKnownFileType = image.png; path = "fly1-hd.png"; sourceTree = "<group>"; };
		3F708DFB16BCFA4600815F96 /* fly1.png */ = {isa = PBXFileReference; lastKnownFileType = image.png; path = fly1.png; sourceTree = "<group>"; };
		3F708DFC16BCFA4600815F96 /* fly2-hd.png */ = {isa = PBXFileReference; lastKnownFileType = image.png; path = "fly2-hd.png"; sourceTree = "<group>"; };
		3F708DFD16BCFA4600815F96 /* fly2.png */ = {isa = PBXFileReference; lastKnownFileType = image.png; path = fly2.png; sourceTree = "<group>"; };
		3F708DFE16BCFA4600815F96 /* gameover-hd.png */ = {isa = PBXFileReference; lastKnownFileType = image.png; path = "gameover-hd.png"; sourceTree = "<group>"; };
		3F708DFF16BCFA4600815F96 /* gameover.png */ = {isa = PBXFileReference; lastKnownFileType = image.png; path = gameover.png; sourceTree = "<group>"; };
		3F708E0616BCFA4600815F96 /* missile-hd.plist */ = {isa = PBXFileReference; lastKnownFileType = text.plist.xml; path = "missile-hd.plist"; sourceTree = "<group>"; };
		3F708E0716BCFA4600815F96 /* missile-hd.png */ = {isa = PBXFileReference; lastKnownFileType = image.png; path = "missile-hd.png"; sourceTree = "<group>"; };
		3F708E0816BCFA4600815F96 /* missile.plist */ = {isa = PBXFileReference; lastKnownFileType = text.plist.xml; path = missile.plist; sourceTree = "<group>"; };
		3F708E0916BCFA4600815F96 /* missile.png */ = {isa = PBXFileReference; lastKnownFileType = image.png; path = missile.png; sourceTree = "<group>"; };
		3F708E0A16BCFA4600815F96 /* missile1-hd.png */ = {isa = PBXFileReference; lastKnownFileType = image.png; path = "missile1-hd.png"; sourceTree = "<group>"; };
		3F708E0B16BCFA4600815F96 /* missile1.png */ = {isa = PBXFileReference; lastKnownFileType = image.png; path = missile1.png; sourceTree = "<group>"; };
		3F708E0C16BCFA4600815F96 /* missile2-hd.png */ = {isa = PBXFileReference; lastKnownFileType = image.png; path = "missile2-hd.png"; sourceTree = "<group>"; };
		3F708E0D16BCFA4600815F96 /* missile2.png */ = {isa = PBXFileReference; lastKnownFileType = image.png; path = missile2.png; sourceTree = "<group>"; };
		3F708E0E16BCFA4600815F96 /* pause_sel-hd.png */ = {isa = PBXFileReference; lastKnownFileType = image.png; path = "pause_sel-hd.png"; sourceTree = "<group>"; };
		3F708E0F16BCFA4600815F96 /* pause_sel.png */ = {isa = PBXFileReference; lastKnownFileType = image.png; path = pause_sel.png; sourceTree = "<group>"; };
		3F708E1016BCFA4600815F96 /* pause-hd.png */ = {isa = PBXFileReference; lastKnownFileType = image.png; path = "pause-hd.png"; sourceTree = "<group>"; };
		3F708E1116BCFA4600815F96 /* pause.png */ = {isa = PBXFileReference; lastKnownFileType = image.png; path = pause.png; sourceTree = "<group>"; };
		3F708E1216BCFA4600815F96 /* play_sel-hd.png */ = {isa = PBXFileReference; lastKnownFileType = image.png; path = "play_sel-hd.png"; sourceTree = "<group>"; };
		3F708E1316BCFA4600815F96 /* play_sel.png */ = {isa = PBXFileReference; lastKnownFileType = image.png; path = play_sel.png; sourceTree = "<group>"; };
		3F708E1416BCFA4600815F96 /* play-hd.png */ = {isa = PBXFileReference; lastKnownFileType = image.png; path = "play-hd.png"; sourceTree = "<group>"; };
		3F708E1516BCFA4600815F96 /* play.png */ = {isa = PBXFileReference; lastKnownFileType = image.png; path = play.png; sourceTree = "<group>"; };
		3F708E1616BCFA4600815F96 /* playagain-hd.png */ = {isa = PBXFileReference; lastKnownFileType = image.png; path = "playagain-hd.png"; sourceTree = "<group>"; };
		3F708E1716BCFA4600815F96 /* playagain.png */ = {isa = PBXFileReference; lastKnownFileType = image.png; path = playagain.png; sourceTree = "<group>"; };
		3F708E1816BCFA4600815F96 /* Pow.caf */ = {isa = PBXFileReference; lastKnownFileType = file; path = Pow.caf; sourceTree = "<group>"; };
		3F708E1D16BCFA4600815F96 /* redbug-hd.plist */ = {isa = PBXFileReference; lastKnownFileType = text.plist.xml; path = "redbug-hd.plist"; sourceTree = "<group>"; };
		3F708E1E16BCFA4600815F96 /* redbug-hd.png */ = {isa = PBXFileReference; lastKnownFileType = image.png; path = "redbug-hd.png"; sourceTree = "<group>"; };
		3F708E1F16BCFA4600815F96 /* redbug.plist */ = {isa = PBXFileReference; lastKnownFileType = text.plist.xml; path = redbug.plist; sourceTree = "<group>"; };
		3F708E2016BCFA4600815F96 /* redbug.png */ = {isa = PBXFileReference; lastKnownFileType = image.png; path = redbug.png; sourceTree = "<group>"; };
		3F708E2116BCFA4600815F96 /* redbug1-hd.png */ = {isa = PBXFileReference; lastKnownFileType = image.png; path = "redbug1-hd.png"; sourceTree = "<group>"; };
		3F708E2216BCFA4600815F96 /* redbug1.png */ = {isa = PBXFileReference; lastKnownFileType = image.png; path = redbug1.png; sourceTree = "<group>"; };
		3F708E2316BCFA4600815F96 /* redbug2-hd.png */ = {isa = PBXFileReference; lastKnownFileType = image.png; path = "redbug2-hd.png"; sourceTree = "<group>"; };
		3F708E2416BCFA4600815F96 /* redbug2.png */ = {isa = PBXFileReference; lastKnownFileType = image.png; path = redbug2.png; sourceTree = "<group>"; };
		3F708E2516BCFA4600815F96 /* redscissors_closed-hd.png */ = {isa = PBXFileReference; lastKnownFileType = image.png; path = "redscissors_closed-hd.png"; sourceTree = "<group>"; };
		3F708E2616BCFA4600815F96 /* redscissors_closed.png */ = {isa = PBXFileReference; lastKnownFileType = image.png; path = redscissors_closed.png; sourceTree = "<group>"; };
		3F708E2716BCFA4600815F96 /* redscissors_sel-hd.png */ = {isa = PBXFileReference; lastKnownFileType = image.png; path = "redscissors_sel-hd.png"; sourceTree = "<group>"; };
		3F708E2816BCFA4600815F96 /* redscissors_sel.png */ = {isa = PBXFileReference; lastKnownFileType = image.png; path = redscissors_sel.png; sourceTree = "<group>"; };
		3F708E2916BCFA4600815F96 /* redscissors-hd.png */ = {isa = PBXFileReference; lastKnownFileType = image.png; path = "redscissors-hd.png"; sourceTree = "<group>"; };
		3F708E2A16BCFA4600815F96 /* redscissors.png */ = {isa = PBXFileReference; lastKnownFileType = image.png; path = redscissors.png; sourceTree = "<group>"; };
		3F708E2B16BCFA4600815F96 /* resume_sel-hd.png */ = {isa = PBXFileReference; lastKnownFileType = image.png; path = "resume_sel-hd.png"; sourceTree = "<group>"; };
		3F708E2C16BCFA4600815F96 /* resume_sel.png */ = {isa = PBXFileReference; lastKnownFileType = image.png; path = resume_sel.png; sourceTree = "<group>"; };
		3F708E2D16BCFA4600815F96 /* resume-hd.png */ = {isa = PBXFileReference; lastKnownFileType = image.png; path = "resume-hd.png"; sourceTree = "<group>"; };
		3F708E2E16BCFA4600815F96 /* resume.png */ = {isa = PBXFileReference; lastKnownFileType = image.png; path = resume.png; sourceTree = "<group>"; };
		3F708E2F16BCFA4600815F96 /* scissors_closed-hd.png */ = {isa = PBXFileReference; lastKnownFileType = image.png; path = "scissors_closed-hd.png"; sourceTree = "<group>"; };
		3F708E3016BCFA4600815F96 /* scissors_closed.png */ = {isa = PBXFileReference; lastKnownFileType = image.png; path = scissors_closed.png; sourceTree = "<group>"; };
		3F708E3116BCFA4600815F96 /* scissors_sel-hd.png */ = {isa = PBXFileReference; lastKnownFileType = image.png; path = "scissors_sel-hd.png"; sourceTree = "<group>"; };
		3F708E3216BCFA4600815F96 /* scissors_sel.png */ = {isa = PBXFileReference; lastKnownFileType = image.png; path = scissors_sel.png; sourceTree = "<group>"; };
		3F708E3316BCFA4600815F96 /* scissors-hd.png */ = {isa = PBXFileReference; lastKnownFileType = image.png; path = "scissors-hd.png"; sourceTree = "<group>"; };
		3F708E3416BCFA4600815F96 /* scissors.png */ = {isa = PBXFileReference; lastKnownFileType = image.png; path = scissors.png; sourceTree = "<group>"; };
		3F708E3516BCFA4600815F96 /* ship-hd.png */ = {isa = PBXFileReference; lastKnownFileType = image.png; path = "ship-hd.png"; sourceTree = "<group>"; };
		3F708E3616BCFA4600815F96 /* ship.png */ = {isa = PBXFileReference; lastKnownFileType = image.png; path = ship.png; sourceTree = "<group>"; };
		3F708E3716BCFA4600815F96 /* thrower1-hd.png */ = {isa = PBXFileReference; lastKnownFileType = image.png; path = "thrower1-hd.png"; sourceTree = "<group>"; };
		3F708E3816BCFA4600815F96 /* thrower1.png */ = {isa = PBXFileReference; lastKnownFileType = image.png; path = thrower1.png; sourceTree = "<group>"; };
		3F708E3916BCFA4600815F96 /* thrower2-hd.png */ = {isa = PBXFileReference; lastKnownFileType = image.png; path = "thrower2-hd.png"; sourceTree = "<group>"; };
		3F708E3A16BCFA4600815F96 /* thrower2.png */ = {isa = PBXFileReference; lastKnownFileType = image.png; path = thrower2.png; sourceTree = "<group>"; };
		3F708E3B16BCFA4600815F96 /* thrower3-hd.png */ = {isa = PBXFileReference; lastKnownFileType = image.png; path = "thrower3-hd.png"; sourceTree = "<group>"; };
		3F708E3C16BCFA4600815F96 /* thrower3.png */ = {isa = PBXFileReference; lastKnownFileType = image.png; path = thrower3.png; sourceTree = "<group>"; };
		3F708E3D16BCFA4600815F96 /* thrower4-hd.png */ = {isa = PBXFileReference; lastKnownFileType = image.png; path = "thrower4-hd.png"; sourceTree = "<group>"; };
		3F708E3E16BCFA4600815F96 /* thrower4.png */ = {isa = PBXFileReference; lastKnownFileType = image.png; path = thrower4.png; sourceTree = "<group>"; };
		3F708E3F16BCFA4600815F96 /* thrower5-hd.png */ = {isa = PBXFileReference; lastKnownFileType = image.png; path = "thrower5-hd.png"; sourceTree = "<group>"; };
		3F708E4016BCFA4600815F96 /* thrower5.png */ = {isa = PBXFileReference; lastKnownFileType = image.png; path = thrower5.png; sourceTree = "<group>"; };
		3F708E4116BCFA4600815F96 /* thrower6-hd.png */ = {isa = PBXFileReference; lastKnownFileType = image.png; path = "thrower6-hd.png"; sourceTree = "<group>"; };
		3F708E4216BCFA4600815F96 /* thrower6.png */ = {isa = PBXFileReference; lastKnownFileType = image.png; path = thrower6.png; sourceTree = "<group>"; };
		3F708E4316BCFA4600815F96 /* thrower7-hd.png */ = {isa = PBXFileReference; lastKnownFileType = image.png; path = "thrower7-hd.png"; sourceTree = "<group>"; };
		3F708E4416BCFA4600815F96 /* thrower7.png */ = {isa = PBXFileReference; lastKnownFileType = image.png; path = thrower7.png; sourceTree = "<group>"; };
		3F708E4516BCFA4600815F96 /* thrower8-hd.png */ = {isa = PBXFileReference; lastKnownFileType = image.png; path = "thrower8-hd.png"; sourceTree = "<group>"; };
		3F708E4616BCFA4600815F96 /* thrower8.png */ = {isa = PBXFileReference; lastKnownFileType = image.png; path = thrower8.png; sourceTree = "<group>"; };
		3F708E4716BCFA4600815F96 /* thrower9-hd.png */ = {isa = PBXFileReference; lastKnownFileType = image.png; path = "thrower9-hd.png"; sourceTree = "<group>"; };
		3F708E4816BCFA4600815F96 /* thrower9.png */ = {isa = PBXFileReference; lastKnownFileType = image.png; path = thrower9.png; sourceTree = "<group>"; };
		3F708E4916BCFA4600815F96 /* thrower10-hd.png */ = {isa = PBXFileReference; lastKnownFileType = image.png; path = "thrower10-hd.png"; sourceTree = "<group>"; };
		3F708E4A16BCFA4600815F96 /* thrower10.png */ = {isa = PBXFileReference; lastKnownFileType = image.png; path = thrower10.png; sourceTree = "<group>"; };
		3F708E4B16BCFA4600815F96 /* throwleft1-hd.png */ = {isa = PBXFileReference; lastKnownFileType = image.png; path = "throwleft1-hd.png"; sourceTree = "<group>"; };
		3F708E4C16BCFA4600815F96 /* throwleft1.png */ = {isa = PBXFileReference; lastKnownFileType = image.png; path = throwleft1.png; sourceTree = "<group>"; };
		3F708E4D16BCFA4600815F96 /* throwleft2-hd.png */ = {isa = PBXFileReference; lastKnownFileType = image.png; path = "throwleft2-hd.png"; sourceTree = "<group>"; };
		3F708E4E16BCFA4600815F96 /* throwleft2.png */ = {isa = PBXFileReference; lastKnownFileType = image.png; path = throwleft2.png; sourceTree = "<group>"; };
		3F708E4F16BCFA4600815F96 /* throwright1-hd.png */ = {isa = PBXFileReference; lastKnownFileType = image.png; path = "throwright1-hd.png"; sourceTree = "<group>"; };
		3F708E5016BCFA4600815F96 /* throwright1.png */ = {isa = PBXFileReference; lastKnownFileType = image.png; path = throwright1.png; sourceTree = "<group>"; };
		3F708E5116BCFA4600815F96 /* throwright2-hd.png */ = {isa = PBXFileReference; lastKnownFileType = image.png; path = "throwright2-hd.png"; sourceTree = "<group>"; };
		3F708E5216BCFA4600815F96 /* throwright2.png */ = {isa = PBXFileReference; lastKnownFileType = image.png; path = throwright2.png; sourceTree = "<group>"; };
		3F708E5316BCFA4600815F96 /* title-hd.png */ = {isa = PBXFileReference; lastKnownFileType = image.png; path = "title-hd.png"; sourceTree = "<group>"; };
		3F708E5416BCFA4600815F96 /* title.png */ = {isa = PBXFileReference; lastKnownFileType = image.png; path = title.png; sourceTree = "<group>"; };
		3F708E5516BCFA4600815F96 /* transparent-hd.png */ = {isa = PBXFileReference; lastKnownFileType = image.png; path = "transparent-hd.png"; sourceTree = "<group>"; };
		3F708E5616BCFA4600815F96 /* transparent.png */ = {isa = PBXFileReference; lastKnownFileType = image.png; path = transparent.png; sourceTree = "<group>"; };
		3F708E5916BCFF5F00815F96 /* config.lua */ = {isa = PBXFileReference; fileEncoding = 4; lastKnownFileType = text; path = config.lua; sourceTree = "<group>"; };
		3F708E5B16BD485C00815F96 /* dark-hd.png */ = {isa = PBXFileReference; lastKnownFileType = image.png; path = "dark-hd.png"; sourceTree = "<group>"; };
		3F708E5C16BD485C00815F96 /* dark.png */ = {isa = PBXFileReference; lastKnownFileType = image.png; path = dark.png; sourceTree = "<group>"; };
		3F708E5F16BD485C00815F96 /* level1-hd.png */ = {isa = PBXFileReference; lastKnownFileType = image.png; path = "level1-hd.png"; sourceTree = "<group>"; };
		3F708E6016BD485C00815F96 /* level1.png */ = {isa = PBXFileReference; lastKnownFileType = image.png; path = level1.png; sourceTree = "<group>"; };
		3F708E6316BD485C00815F96 /* level2-hd.png */ = {isa = PBXFileReference; lastKnownFileType = image.png; path = "level2-hd.png"; sourceTree = "<group>"; };
		3F708E6416BD485C00815F96 /* level2.png */ = {isa = PBXFileReference; lastKnownFileType = image.png; path = level2.png; sourceTree = "<group>"; };
		3F708E6716BD485C00815F96 /* level3-hd.png */ = {isa = PBXFileReference; lastKnownFileType = image.png; path = "level3-hd.png"; sourceTree = "<group>"; };
		3F708E6816BD485C00815F96 /* level3.png */ = {isa = PBXFileReference; lastKnownFileType = image.png; path = level3.png; sourceTree = "<group>"; };
		3F708E6B16BD485C00815F96 /* level4-hd.png */ = {isa = PBXFileReference; lastKnownFileType = image.png; path = "level4-hd.png"; sourceTree = "<group>"; };
		3F708E6C16BD485C00815F96 /* level4.png */ = {isa = PBXFileReference; lastKnownFileType = image.png; path = level4.png; sourceTree = "<group>"; };
		3F708E6F16BD485C00815F96 /* level5-hd.png */ = {isa = PBXFileReference; lastKnownFileType = image.png; path = "level5-hd.png"; sourceTree = "<group>"; };
		3F708E7016BD485C00815F96 /* level5.png */ = {isa = PBXFileReference; lastKnownFileType = image.png; path = level5.png; sourceTree = "<group>"; };
		3F708E7116BD485C00815F96 /* selectlevel-hd.png */ = {isa = PBXFileReference; lastKnownFileType = image.png; path = "selectlevel-hd.png"; sourceTree = "<group>"; };
		3F708E7216BD485C00815F96 /* selectlevel.png */ = {isa = PBXFileReference; lastKnownFileType = image.png; path = selectlevel.png; sourceTree = "<group>"; };
		3F708E7316BD485C00815F96 /* tryagain-hd.png */ = {isa = PBXFileReference; lastKnownFileType = image.png; path = "tryagain-hd.png"; sourceTree = "<group>"; };
		3F708E7416BD485D00815F96 /* tryagain.png */ = {isa = PBXFileReference; lastKnownFileType = image.png; path = tryagain.png; sourceTree = "<group>"; };
		3F708E7516BD485D00815F96 /* trythebomb-hd.png */ = {isa = PBXFileReference; lastKnownFileType = image.png; path = "trythebomb-hd.png"; sourceTree = "<group>"; };
		3F708E7616BD485D00815F96 /* trythebomb.png */ = {isa = PBXFileReference; lastKnownFileType = image.png; path = trythebomb.png; sourceTree = "<group>"; };
		3F708E7716BD485D00815F96 /* unlock2-hd.png */ = {isa = PBXFileReference; lastKnownFileType = image.png; path = "unlock2-hd.png"; sourceTree = "<group>"; };
		3F708E7816BD485D00815F96 /* unlock2.png */ = {isa = PBXFileReference; lastKnownFileType = image.png; path = unlock2.png; sourceTree = "<group>"; };
		3F708E7916BD485D00815F96 /* unlock3-hd.png */ = {isa = PBXFileReference; lastKnownFileType = image.png; path = "unlock3-hd.png"; sourceTree = "<group>"; };
		3F708E7A16BD485D00815F96 /* unlock3.png */ = {isa = PBXFileReference; lastKnownFileType = image.png; path = unlock3.png; sourceTree = "<group>"; };
		3F708E7B16BD485D00815F96 /* unlock4-hd.png */ = {isa = PBXFileReference; lastKnownFileType = image.png; path = "unlock4-hd.png"; sourceTree = "<group>"; };
		3F708E7C16BD485D00815F96 /* unlock4.png */ = {isa = PBXFileReference; lastKnownFileType = image.png; path = unlock4.png; sourceTree = "<group>"; };
		3F708E7D16BD485D00815F96 /* unlock5-hd.png */ = {isa = PBXFileReference; lastKnownFileType = image.png; path = "unlock5-hd.png"; sourceTree = "<group>"; };
		3F708E7E16BD485D00815F96 /* unlock5.png */ = {isa = PBXFileReference; lastKnownFileType = image.png; path = unlock5.png; sourceTree = "<group>"; };
		3F708EA316BDCFCF00815F96 /* explosion-hd.png */ = {isa = PBXFileReference; lastKnownFileType = image.png; path = "explosion-hd.png"; sourceTree = "<group>"; };
		3F708EA416BDCFCF00815F96 /* explosion.png */ = {isa = PBXFileReference; lastKnownFileType = image.png; path = explosion.png; sourceTree = "<group>"; };
		3F708EA516BDCFD000815F96 /* powerbar-hd.png */ = {isa = PBXFileReference; lastKnownFileType = image.png; path = "powerbar-hd.png"; sourceTree = "<group>"; };
		3F708EA616BDCFD000815F96 /* powerbar.png */ = {isa = PBXFileReference; lastKnownFileType = image.png; path = powerbar.png; sourceTree = "<group>"; };
		3F708EA716BDCFD000815F96 /* powerbarcontainer-hd.png */ = {isa = PBXFileReference; lastKnownFileType = image.png; path = "powerbarcontainer-hd.png"; sourceTree = "<group>"; };
		3F708EA816BDCFD000815F96 /* powerbarcontainer.png */ = {isa = PBXFileReference; lastKnownFileType = image.png; path = powerbarcontainer.png; sourceTree = "<group>"; };
		3F708EAF16BE232800815F96 /* Congrats.h */ = {isa = PBXFileReference; fileEncoding = 4; lastKnownFileType = sourcecode.c.h; path = Congrats.h; sourceTree = "<group>"; };
		3F708EB016BE232900815F96 /* Congrats.m */ = {isa = PBXFileReference; fileEncoding = 4; lastKnownFileType = sourcecode.c.objc; path = Congrats.m; sourceTree = "<group>"; };
		3F708EB216BE23A200815F96 /* Global.h */ = {isa = PBXFileReference; fileEncoding = 4; lastKnownFileType = sourcecode.c.h; path = Global.h; sourceTree = "<group>"; };
		3F708EB316BE23A200815F96 /* Global.m */ = {isa = PBXFileReference; fileEncoding = 4; lastKnownFileType = sourcecode.c.objc; path = Global.m; sourceTree = "<group>"; };
		3F708EB516BE2F6D00815F96 /* levels1-hd.png */ = {isa = PBXFileReference; lastKnownFileType = image.png; path = "levels1-hd.png"; sourceTree = "<group>"; };
		3F708EB616BE2F6D00815F96 /* levels1.png */ = {isa = PBXFileReference; lastKnownFileType = image.png; path = levels1.png; sourceTree = "<group>"; };
		3F708EB716BE2F6D00815F96 /* levels2-hd.png */ = {isa = PBXFileReference; lastKnownFileType = image.png; path = "levels2-hd.png"; sourceTree = "<group>"; };
		3F708EB816BE2F6D00815F96 /* levels2.png */ = {isa = PBXFileReference; lastKnownFileType = image.png; path = levels2.png; sourceTree = "<group>"; };
		3F708EB916BE2F6E00815F96 /* levels3-hd.png */ = {isa = PBXFileReference; lastKnownFileType = image.png; path = "levels3-hd.png"; sourceTree = "<group>"; };
		3F708EBA16BE2F6E00815F96 /* levels3.png */ = {isa = PBXFileReference; lastKnownFileType = image.png; path = levels3.png; sourceTree = "<group>"; };
		3F708EBB16BE2F6E00815F96 /* levels4-hd.png */ = {isa = PBXFileReference; lastKnownFileType = image.png; path = "levels4-hd.png"; sourceTree = "<group>"; };
		3F708EBC16BE2F6E00815F96 /* levels4.png */ = {isa = PBXFileReference; lastKnownFileType = image.png; path = levels4.png; sourceTree = "<group>"; };
		3F708EBD16BE2F6E00815F96 /* levels5-hd.png */ = {isa = PBXFileReference; lastKnownFileType = image.png; path = "levels5-hd.png"; sourceTree = "<group>"; };
		3F708EBE16BE2F6F00815F96 /* levels5.png */ = {isa = PBXFileReference; lastKnownFileType = image.png; path = levels5.png; sourceTree = "<group>"; };
		3F708EC916BE38F600815F96 /* Bug.h */ = {isa = PBXFileReference; fileEncoding = 4; lastKnownFileType = sourcecode.c.h; path = Bug.h; sourceTree = "<group>"; };
		3F708ECA16BE38F700815F96 /* Bug.m */ = {isa = PBXFileReference; fileEncoding = 4; lastKnownFileType = sourcecode.c.objc; path = Bug.m; sourceTree = "<group>"; };
		3FA61EE216AF31F300A65E8F /* Plant.h */ = {isa = PBXFileReference; fileEncoding = 4; lastKnownFileType = sourcecode.c.h; path = Plant.h; sourceTree = "<group>"; };
		3FA61EE316AF31F300A65E8F /* Plant.m */ = {isa = PBXFileReference; fileEncoding = 4; lastKnownFileType = sourcecode.c.objc; path = Plant.m; sourceTree = "<group>"; };
		3FA61F0916AFB7DA00A65E8F /* StartLayer.h */ = {isa = PBXFileReference; fileEncoding = 4; lastKnownFileType = sourcecode.c.h; path = StartLayer.h; sourceTree = "<group>"; };
		3FA61F0A16AFB7DA00A65E8F /* StartLayer.m */ = {isa = PBXFileReference; fileEncoding = 4; lastKnownFileType = sourcecode.c.objc; path = StartLayer.m; sourceTree = "<group>"; };
		3FA61F0C16AFBC5300A65E8F /* Level1.m */ = {isa = PBXFileReference; fileEncoding = 4; lastKnownFileType = sourcecode.c.objc; path = Level1.m; sourceTree = "<group>"; };
		3FD1EF7B16BB2F9C009BF821 /* Redbug.h */ = {isa = PBXFileReference; fileEncoding = 4; lastKnownFileType = sourcecode.c.h; path = Redbug.h; sourceTree = "<group>"; };
		3FD1EF7C16BB2F9C009BF821 /* Redbug.m */ = {isa = PBXFileReference; fileEncoding = 4; lastKnownFileType = sourcecode.c.objc; path = Redbug.m; sourceTree = "<group>"; };
		3FD1EF7E16BB3179009BF821 /* Bomb.h */ = {isa = PBXFileReference; fileEncoding = 4; lastKnownFileType = sourcecode.c.h; path = Bomb.h; sourceTree = "<group>"; };
		3FD1EF7F16BB3179009BF821 /* Bomb.m */ = {isa = PBXFileReference; fileEncoding = 4; lastKnownFileType = sourcecode.c.objc; path = Bomb.m; sourceTree = "<group>"; };
		3FD1EF8116BB82C5009BF821 /* Bazooka.h */ = {isa = PBXFileReference; fileEncoding = 4; lastKnownFileType = sourcecode.c.h; path = Bazooka.h; sourceTree = "<group>"; };
		3FD1EF8216BB82C5009BF821 /* Bazooka.m */ = {isa = PBXFileReference; fileEncoding = 4; lastKnownFileType = sourcecode.c.objc; path = Bazooka.m; sourceTree = "<group>"; };
		3FD1EF8416BB82E2009BF821 /* Freezer.h */ = {isa = PBXFileReference; fileEncoding = 4; lastKnownFileType = sourcecode.c.h; path = Freezer.h; sourceTree = "<group>"; };
		3FD1EF8516BB82E2009BF821 /* Freezer.m */ = {isa = PBXFileReference; fileEncoding = 4; lastKnownFileType = sourcecode.c.objc; path = Freezer.m; sourceTree = "<group>"; };
		3FD1F00416BC04E8009BF821 /* Level4.h */ = {isa = PBXFileReference; fileEncoding = 4; lastKnownFileType = sourcecode.c.h; path = Level4.h; sourceTree = "<group>"; };
		3FD1F00516BC04E8009BF821 /* Level4.m */ = {isa = PBXFileReference; fileEncoding = 4; lastKnownFileType = sourcecode.c.objc; path = Level4.m; sourceTree = "<group>"; };
		DC1BE68614F417CC00F49D25 /* copyright.txt */ = {isa = PBXFileReference; fileEncoding = 4; lastKnownFileType = text; path = copyright.txt; sourceTree = "<group>"; };
		DC1BE68914F417CC00F49D25 /* LICENCE.txt */ = {isa = PBXFileReference; fileEncoding = 4; lastKnownFileType = text; path = LICENCE.txt; sourceTree = "<group>"; };
		DC1BE68C14F417CC00F49D25 /* Ubuntu-B.ttf */ = {isa = PBXFileReference; lastKnownFileType = file; path = "Ubuntu-B.ttf"; sourceTree = "<group>"; };
		DC1BE68D14F417CC00F49D25 /* Ubuntu-BI.ttf */ = {isa = PBXFileReference; lastKnownFileType = file; path = "Ubuntu-BI.ttf"; sourceTree = "<group>"; };
		DC1BE68E14F417CC00F49D25 /* Ubuntu-C.ttf */ = {isa = PBXFileReference; lastKnownFileType = file; path = "Ubuntu-C.ttf"; sourceTree = "<group>"; };
		DC1BE68F14F417CC00F49D25 /* Ubuntu-L.ttf */ = {isa = PBXFileReference; lastKnownFileType = file; path = "Ubuntu-L.ttf"; sourceTree = "<group>"; };
		DC1BE69014F417CC00F49D25 /* Ubuntu-LI.ttf */ = {isa = PBXFileReference; lastKnownFileType = file; path = "Ubuntu-LI.ttf"; sourceTree = "<group>"; };
		DC1BE69114F417CC00F49D25 /* Ubuntu-M.ttf */ = {isa = PBXFileReference; lastKnownFileType = file; path = "Ubuntu-M.ttf"; sourceTree = "<group>"; };
		DC1BE69214F417CC00F49D25 /* Ubuntu-MI.ttf */ = {isa = PBXFileReference; lastKnownFileType = file; path = "Ubuntu-MI.ttf"; sourceTree = "<group>"; };
		DC1BE69314F417CC00F49D25 /* Ubuntu-R.ttf */ = {isa = PBXFileReference; lastKnownFileType = file; path = "Ubuntu-R.ttf"; sourceTree = "<group>"; };
		DC1BE69414F417CC00F49D25 /* Ubuntu-RI.ttf */ = {isa = PBXFileReference; lastKnownFileType = file; path = "Ubuntu-RI.ttf"; sourceTree = "<group>"; };
		DC1BE69514F417CC00F49D25 /* UbuntuMono-B.ttf */ = {isa = PBXFileReference; lastKnownFileType = file; path = "UbuntuMono-B.ttf"; sourceTree = "<group>"; };
		DC1BE69614F417CC00F49D25 /* UbuntuMono-BI.ttf */ = {isa = PBXFileReference; lastKnownFileType = file; path = "UbuntuMono-BI.ttf"; sourceTree = "<group>"; };
		DC1BE69714F417CC00F49D25 /* UbuntuMono-R.ttf */ = {isa = PBXFileReference; lastKnownFileType = file; path = "UbuntuMono-R.ttf"; sourceTree = "<group>"; };
		DC1BE69814F417CC00F49D25 /* UbuntuMono-RI.ttf */ = {isa = PBXFileReference; lastKnownFileType = file; path = "UbuntuMono-RI.ttf"; sourceTree = "<group>"; };
		DC26D6D914B9F2C600B6002E /* fps_images-hd.png */ = {isa = PBXFileReference; lastKnownFileType = image.png; path = "fps_images-hd.png"; sourceTree = "<group>"; };
		DC2721A1160CAEB600D88944 /* Default-568h@2x.png */ = {isa = PBXFileReference; lastKnownFileType = image.png; path = "Default-568h@2x.png"; sourceTree = "<group>"; };
		DC2721A9160CAFC700D88944 /* iTunesArtwork */ = {isa = PBXFileReference; lastKnownFileType = file; path = iTunesArtwork; sourceTree = "<group>"; };
		DC3BE97813B4FB71003739CC /* BuildSettings-iOS.xcconfig */ = {isa = PBXFileReference; lastKnownFileType = text.xcconfig; path = "BuildSettings-iOS.xcconfig"; sourceTree = "<group>"; };
		DC485B0D13AA0E5600F2BC70 /* libchipmunk-mac.a */ = {isa = PBXFileReference; explicitFileType = archive.ar; path = "libchipmunk-mac.a"; sourceTree = BUILT_PRODUCTS_DIR; };
		DC485B1613AA0EBB00F2BC70 /* libbox2d-mac.a */ = {isa = PBXFileReference; explicitFileType = archive.ar; path = "libbox2d-mac.a"; sourceTree = BUILT_PRODUCTS_DIR; };
		DC485B4513AA18A600F2BC70 /* libcocosdenshion-mac.a */ = {isa = PBXFileReference; explicitFileType = archive.ar; path = "libcocosdenshion-mac.a"; sourceTree = BUILT_PRODUCTS_DIR; };
		DC65615013A969B600A7AC53 /* libbox2d-ios.a */ = {isa = PBXFileReference; explicitFileType = archive.ar; path = "libbox2d-ios.a"; sourceTree = BUILT_PRODUCTS_DIR; };
		DC65615113A969B600A7AC53 /* libchipmunk-ios.a */ = {isa = PBXFileReference; explicitFileType = archive.ar; path = "libchipmunk-ios.a"; sourceTree = BUILT_PRODUCTS_DIR; };
		DC65615213A969B600A7AC53 /* libchipmunk-spacemanager-ios.a */ = {isa = PBXFileReference; explicitFileType = archive.ar; path = "libchipmunk-spacemanager-ios.a"; sourceTree = BUILT_PRODUCTS_DIR; };
		DC65615413A969B600A7AC53 /* libcocos2d-extensions-ios.a */ = {isa = PBXFileReference; explicitFileType = archive.ar; path = "libcocos2d-extensions-ios.a"; sourceTree = BUILT_PRODUCTS_DIR; };
		DC65615513A969B600A7AC53 /* libcocos2d-ios.a */ = {isa = PBXFileReference; explicitFileType = archive.ar; path = "libcocos2d-ios.a"; sourceTree = BUILT_PRODUCTS_DIR; };
		DC65615613A969B600A7AC53 /* libcocos3d-ios.a */ = {isa = PBXFileReference; explicitFileType = archive.ar; path = "libcocos3d-ios.a"; sourceTree = BUILT_PRODUCTS_DIR; };
		DC65615713A969B600A7AC53 /* libcocosdenshion-ios.a */ = {isa = PBXFileReference; explicitFileType = archive.ar; path = "libcocosdenshion-ios.a"; sourceTree = BUILT_PRODUCTS_DIR; };
		DC65615813A969B600A7AC53 /* libkobold2d-ios.a */ = {isa = PBXFileReference; explicitFileType = archive.ar; path = "libkobold2d-ios.a"; sourceTree = BUILT_PRODUCTS_DIR; };
		DC65615913A969B600A7AC53 /* libobjectal-ios.a */ = {isa = PBXFileReference; explicitFileType = archive.ar; path = "libobjectal-ios.a"; sourceTree = BUILT_PRODUCTS_DIR; };
		DC65615A13A969B600A7AC53 /* libsneakyinput-ios.a */ = {isa = PBXFileReference; explicitFileType = archive.ar; path = "libsneakyinput-ios.a"; sourceTree = BUILT_PRODUCTS_DIR; };
		DC65617215114B4A00E59F8A /* fps_images-ipadhd.png */ = {isa = PBXFileReference; lastKnownFileType = image.png; path = "fps_images-ipadhd.png"; sourceTree = "<group>"; };
		DC979E3D13B35F8800656CB9 /* libcocos2d-extensions-mac.a */ = {isa = PBXFileReference; explicitFileType = archive.ar; path = "libcocos2d-extensions-mac.a"; sourceTree = BUILT_PRODUCTS_DIR; };
		DC979E5913B3607E00656CB9 /* libchipmunk-spacemanager-mac.a */ = {isa = PBXFileReference; explicitFileType = archive.ar; path = "libchipmunk-spacemanager-mac.a"; sourceTree = BUILT_PRODUCTS_DIR; };
		DC9C33E713B5024400931BF2 /* BuildSettings-Debug-Mac.xcconfig */ = {isa = PBXFileReference; lastKnownFileType = text.xcconfig; path = "BuildSettings-Debug-Mac.xcconfig"; sourceTree = "<group>"; };
		DC9C33E813B5024400931BF2 /* BuildSettings-Mac.xcconfig */ = {isa = PBXFileReference; lastKnownFileType = text.xcconfig; path = "BuildSettings-Mac.xcconfig"; sourceTree = "<group>"; };
		DC9C33E913B5024400931BF2 /* BuildSettings-Release-Mac.xcconfig */ = {isa = PBXFileReference; lastKnownFileType = text.xcconfig; path = "BuildSettings-Release-Mac.xcconfig"; sourceTree = "<group>"; };
		DCC1A0E313A94ED5005BD75D /* flyvsplants1-iOS.app */ = {isa = PBXFileReference; explicitFileType = wrapper.application; includeInIndex = 0; path = "flyvsplants1-iOS.app"; sourceTree = BUILT_PRODUCTS_DIR; };
		DCC1A0F913A94ED5005BD75D /* Default.png */ = {isa = PBXFileReference; lastKnownFileType = image.png; path = Default.png; sourceTree = "<group>"; };
		DCC1A0FB13A94ED5005BD75D /* fps_images.png */ = {isa = PBXFileReference; lastKnownFileType = image.png; path = fps_images.png; sourceTree = "<group>"; };
		DCC1A0FD13A94ED5005BD75D /* Icon-72.png */ = {isa = PBXFileReference; lastKnownFileType = image.png; path = "Icon-72.png"; sourceTree = "<group>"; };
		DCC1A0FF13A94ED5005BD75D /* Icon-Small-50.png */ = {isa = PBXFileReference; lastKnownFileType = image.png; path = "Icon-Small-50.png"; sourceTree = "<group>"; };
		DCC1A10113A94ED5005BD75D /* Icon-Small.png */ = {isa = PBXFileReference; lastKnownFileType = image.png; path = "Icon-Small.png"; sourceTree = "<group>"; };
		DCC1A10313A94ED5005BD75D /* Icon-Small@2x.png */ = {isa = PBXFileReference; lastKnownFileType = image.png; path = "Icon-Small@2x.png"; sourceTree = "<group>"; };
		DCC1A10513A94ED5005BD75D /* Icon.png */ = {isa = PBXFileReference; lastKnownFileType = image.png; path = Icon.png; sourceTree = "<group>"; };
		DCC1A10713A94ED5005BD75D /* Icon@2x.png */ = {isa = PBXFileReference; lastKnownFileType = image.png; path = "Icon@2x.png"; sourceTree = "<group>"; };
		DCC1A10913A94ED5005BD75D /* Info.plist */ = {isa = PBXFileReference; lastKnownFileType = text.plist.xml; path = Info.plist; sourceTree = "<group>"; };
		DCC1A25A13A94EE6005BD75D /* flyvsplants1-Mac.app */ = {isa = PBXFileReference; explicitFileType = wrapper.application; includeInIndex = 0; path = "flyvsplants1-Mac.app"; sourceTree = BUILT_PRODUCTS_DIR; };
		DCC1A26813A94EE6005BD75D /* English */ = {isa = PBXFileReference; lastKnownFileType = text.plist.strings; name = English; path = Resources/English.lproj/InfoPlist.strings; sourceTree = "<group>"; };
		DCC1A26B13A94EE6005BD75D /* English */ = {isa = PBXFileReference; lastKnownFileType = file.xib; name = English; path = Resources/English.lproj/MainMenu.xib; sourceTree = "<group>"; };
		DCC1A26D13A94EE6005BD75D /* fps_images.png */ = {isa = PBXFileReference; lastKnownFileType = image.png; name = fps_images.png; path = Resources/fps_images.png; sourceTree = "<group>"; };
		DCC1A26F13A94EE6005BD75D /* icon.icns */ = {isa = PBXFileReference; lastKnownFileType = image.icns; name = icon.icns; path = Resources/icon.icns; sourceTree = "<group>"; };
		DCC1A27113A94EE6005BD75D /* Info.plist */ = {isa = PBXFileReference; lastKnownFileType = text.plist.xml; name = Info.plist; path = Resources/Info.plist; sourceTree = "<group>"; };
		DCC1A38D13A94F1A005BD75D /* AppDelegate.h */ = {isa = PBXFileReference; fileEncoding = 4; lastKnownFileType = sourcecode.c.h; path = AppDelegate.h; sourceTree = "<group>"; };
		DCC1A38E13A94F1A005BD75D /* AppDelegate.m */ = {isa = PBXFileReference; fileEncoding = 4; lastKnownFileType = sourcecode.c.objc; path = AppDelegate.m; sourceTree = "<group>"; };
		DCC1A38F13A94F1A005BD75D /* Level1.h */ = {isa = PBXFileReference; fileEncoding = 4; lastKnownFileType = sourcecode.c.h; path = Level1.h; sourceTree = "<group>"; };
		DCC1A39113A94F1A005BD75D /* main.m */ = {isa = PBXFileReference; fileEncoding = 4; lastKnownFileType = sourcecode.c.objc; path = main.m; sourceTree = "<group>"; };
		DCC1A39213A94F1A005BD75D /* Prefix-iOS.pch */ = {isa = PBXFileReference; fileEncoding = 4; lastKnownFileType = sourcecode.c.h; path = "Prefix-iOS.pch"; sourceTree = "<group>"; };
		DCC1A39313A94F1A005BD75D /* Prefix-Mac.pch */ = {isa = PBXFileReference; fileEncoding = 4; lastKnownFileType = sourcecode.c.h; path = "Prefix-Mac.pch"; sourceTree = "<group>"; };
		DCF95CC913A97EC500AE3B80 /* libcocos2d-mac.a */ = {isa = PBXFileReference; explicitFileType = archive.ar; path = "libcocos2d-mac.a"; sourceTree = BUILT_PRODUCTS_DIR; };
		DCF95CCB13A97EC500AE3B80 /* libkobold2d-mac.a */ = {isa = PBXFileReference; explicitFileType = archive.ar; path = "libkobold2d-mac.a"; sourceTree = BUILT_PRODUCTS_DIR; };
		DCFA90EF13B4F6F7009DD35A /* BuildSettings-Debug-iOS.xcconfig */ = {isa = PBXFileReference; lastKnownFileType = text.xcconfig; path = "BuildSettings-Debug-iOS.xcconfig"; sourceTree = "<group>"; };
		DCFA90F013B4F811009DD35A /* BuildSettings-Release-iOS.xcconfig */ = {isa = PBXFileReference; lastKnownFileType = text.xcconfig; path = "BuildSettings-Release-iOS.xcconfig"; sourceTree = "<group>"; };
/* End PBXFileReference section */

/* Begin PBXFrameworksBuildPhase section */
		DCC1A0E013A94ED5005BD75D /* Frameworks */ = {
			isa = PBXFrameworksBuildPhase;
			buildActionMask = 2147483647;
			files = (
				DC65615C13A969B600A7AC53 /* libbox2d-ios.a in Frameworks */,
				DC65615D13A969B600A7AC53 /* libchipmunk-ios.a in Frameworks */,
				DC65615E13A969B600A7AC53 /* libchipmunk-spacemanager-ios.a in Frameworks */,
				DC65616013A969B600A7AC53 /* libcocos2d-extensions-ios.a in Frameworks */,
				DC65616113A969B600A7AC53 /* libcocos2d-ios.a in Frameworks */,
				DC65616213A969B600A7AC53 /* libcocos3d-ios.a in Frameworks */,
				DC65616313A969B600A7AC53 /* libcocosdenshion-ios.a in Frameworks */,
				DC65616413A969B600A7AC53 /* libkobold2d-ios.a in Frameworks */,
				DC65616513A969B600A7AC53 /* libobjectal-ios.a in Frameworks */,
				DC65616613A969B600A7AC53 /* libsneakyinput-ios.a in Frameworks */,
			);
			runOnlyForDeploymentPostprocessing = 0;
		};
		DCC1A25713A94EE6005BD75D /* Frameworks */ = {
			isa = PBXFrameworksBuildPhase;
			buildActionMask = 2147483647;
			files = (
				DC979E5A13B3607E00656CB9 /* libchipmunk-spacemanager-mac.a in Frameworks */,
				DC979E3E13B35F8800656CB9 /* libcocos2d-extensions-mac.a in Frameworks */,
				DC485B4613AA18A600F2BC70 /* libcocosdenshion-mac.a in Frameworks */,
				DC485B1713AA0EBB00F2BC70 /* libbox2d-mac.a in Frameworks */,
				DC485B1113AA0E5600F2BC70 /* libchipmunk-mac.a in Frameworks */,
				DCF95CD213A97EC500AE3B80 /* libcocos2d-mac.a in Frameworks */,
				DCF95CD413A97EC500AE3B80 /* libkobold2d-mac.a in Frameworks */,
			);
			runOnlyForDeploymentPostprocessing = 0;
		};
/* End PBXFrameworksBuildPhase section */

/* Begin PBXGroup section */
		DC1BE68414F417CC00F49D25 /* ubuntu-font-family-0.80 */ = {
			isa = PBXGroup;
			children = (
				DC1BE68614F417CC00F49D25 /* copyright.txt */,
				DC1BE68914F417CC00F49D25 /* LICENCE.txt */,
				DC1BE68C14F417CC00F49D25 /* Ubuntu-B.ttf */,
				DC1BE68D14F417CC00F49D25 /* Ubuntu-BI.ttf */,
				DC1BE68E14F417CC00F49D25 /* Ubuntu-C.ttf */,
				DC1BE68F14F417CC00F49D25 /* Ubuntu-L.ttf */,
				DC1BE69014F417CC00F49D25 /* Ubuntu-LI.ttf */,
				DC1BE69114F417CC00F49D25 /* Ubuntu-M.ttf */,
				DC1BE69214F417CC00F49D25 /* Ubuntu-MI.ttf */,
				DC1BE69314F417CC00F49D25 /* Ubuntu-R.ttf */,
				DC1BE69414F417CC00F49D25 /* Ubuntu-RI.ttf */,
				DC1BE69514F417CC00F49D25 /* UbuntuMono-B.ttf */,
				DC1BE69614F417CC00F49D25 /* UbuntuMono-BI.ttf */,
				DC1BE69714F417CC00F49D25 /* UbuntuMono-R.ttf */,
				DC1BE69814F417CC00F49D25 /* UbuntuMono-RI.ttf */,
			);
			path = "ubuntu-font-family-0.80";
			sourceTree = "<group>";
		};
		DCC1A0D613A94EC0005BD75D = {
			isa = PBXGroup;
			children = (
				DCC1A38C13A94F1A005BD75D /* Projectfiles */,
				DCC1A0F713A94ED5005BD75D /* Projectfiles-iOS */,
				DCC1A26413A94EE6005BD75D /* Projectfiles-Mac */,
				DCFA90ED13B4F6A0009DD35A /* BuildSettings */,
				DCC1A0E613A94ED5005BD75D /* Frameworks */,
				DCC1A0E413A94ED5005BD75D /* Products */,
			);
			sourceTree = "<group>";
		};
		DCC1A0E413A94ED5005BD75D /* Products */ = {
			isa = PBXGroup;
			children = (
				DCC1A0E313A94ED5005BD75D /* flyvsplants1-iOS.app */,
				DCC1A25A13A94EE6005BD75D /* flyvsplants1-Mac.app */,
			);
			name = Products;
			sourceTree = "<group>";
		};
		DCC1A0E613A94ED5005BD75D /* Frameworks */ = {
			isa = PBXGroup;
			children = (
			);
			name = Frameworks;
			sourceTree = "<group>";
		};
		DCC1A0F713A94ED5005BD75D /* Projectfiles-iOS */ = {
			isa = PBXGroup;
			children = (
				DC1BE68414F417CC00F49D25 /* ubuntu-font-family-0.80 */,
				DCC1A0F813A94ED5005BD75D /* Resources */,
			);
			path = "Projectfiles-iOS";
			sourceTree = "<group>";
		};
		DCC1A0F813A94ED5005BD75D /* Resources */ = {
			isa = PBXGroup;
			children = (
				DC2721A9160CAFC700D88944 /* iTunesArtwork */,
				DC2721A1160CAEB600D88944 /* Default-568h@2x.png */,
				DCC1A0F913A94ED5005BD75D /* Default.png */,
				DCC1A0FB13A94ED5005BD75D /* fps_images.png */,
				DC26D6D914B9F2C600B6002E /* fps_images-hd.png */,
				DC65617215114B4A00E59F8A /* fps_images-ipadhd.png */,
				DCC1A0FD13A94ED5005BD75D /* Icon-72.png */,
				DCC1A0FF13A94ED5005BD75D /* Icon-Small-50.png */,
				DCC1A10113A94ED5005BD75D /* Icon-Small.png */,
				DCC1A10313A94ED5005BD75D /* Icon-Small@2x.png */,
				DCC1A10513A94ED5005BD75D /* Icon.png */,
				DCC1A10713A94ED5005BD75D /* Icon@2x.png */,
				DCC1A10913A94ED5005BD75D /* Info.plist */,
			);
			path = Resources;
			sourceTree = "<group>";
		};
		DCC1A26413A94EE6005BD75D /* Projectfiles-Mac */ = {
			isa = PBXGroup;
			children = (
				DCC1A26513A94EE6005BD75D /* Resources */,
			);
			path = "Projectfiles-Mac";
			sourceTree = "<group>";
		};
		DCC1A26513A94EE6005BD75D /* Resources */ = {
			isa = PBXGroup;
			children = (
				DCC1A26D13A94EE6005BD75D /* fps_images.png */,
				DCC1A26F13A94EE6005BD75D /* icon.icns */,
				DCC1A27113A94EE6005BD75D /* Info.plist */,
				DCC1A26613A94EE6005BD75D /* English.lproj */,
			);
			name = Resources;
			sourceTree = "<group>";
		};
		DCC1A26613A94EE6005BD75D /* English.lproj */ = {
			isa = PBXGroup;
			children = (
				DCC1A26713A94EE6005BD75D /* InfoPlist.strings */,
				DCC1A26A13A94EE6005BD75D /* MainMenu.xib */,
			);
			name = English.lproj;
			sourceTree = "<group>";
		};
		DCC1A38C13A94F1A005BD75D /* Projectfiles */ = {
			isa = PBXGroup;
			children = (
				DCC1A39413A94F1A005BD75D /* Resources */,
				DCC1A3CF13A94F2C005BD75D /* Supporting Files */,
				DCC1A38D13A94F1A005BD75D /* AppDelegate.h */,
				DCC1A38E13A94F1A005BD75D /* AppDelegate.m */,
				3F708EB216BE23A200815F96 /* Global.h */,
				3F708EB316BE23A200815F96 /* Global.m */,
				3FA61F0916AFB7DA00A65E8F /* StartLayer.h */,
				3FA61F0A16AFB7DA00A65E8F /* StartLayer.m */,
				3F708EAF16BE232800815F96 /* Congrats.h */,
				3F708EB016BE232900815F96 /* Congrats.m */,
				DCC1A38F13A94F1A005BD75D /* Level1.h */,
				3FA61F0C16AFBC5300A65E8F /* Level1.m */,
				3F46EED516B09EA400456009 /* Level2.h */,
				3F46EED616B09EA400456009 /* Level2.m */,
				3F46EF0716B2149900456009 /* Level3.h */,
				3F46EF0816B2149900456009 /* Level3.m */,
				3FD1F00416BC04E8009BF821 /* Level4.h */,
				3FD1F00516BC04E8009BF821 /* Level4.m */,
				3F506CF016BC9A3C0005A85E /* Level5.h */,
				3F506CF116BC9A3C0005A85E /* Level5.m */,
				3FA61EE216AF31F300A65E8F /* Plant.h */,
				3FA61EE316AF31F300A65E8F /* Plant.m */,
				3F46EF3F16BA4C6400456009 /* MissilePlant.h */,
				3F46EF4016BA4C6400456009 /* MissilePlant.m */,
				3F46EF4316BA5CB200456009 /* Missile.h */,
				3F46EF4416BA5CB200456009 /* Missile.m */,
				3F708EC916BE38F600815F96 /* Bug.h */,
				3F708ECA16BE38F700815F96 /* Bug.m */,
				3F46EF4916BA980700456009 /* Bee.h */,
				3F46EF4A16BA980700456009 /* Bee.m */,
				3F46EF4616BA6AE000456009 /* Fly.h */,
				3F46EF4716BA6AE000456009 /* Fly.m */,
				3FD1EF7B16BB2F9C009BF821 /* Redbug.h */,
				3FD1EF7C16BB2F9C009BF821 /* Redbug.m */,
				3FD1EF7E16BB3179009BF821 /* Bomb.h */,
				3FD1EF7F16BB3179009BF821 /* Bomb.m */,
				3FD1EF8116BB82C5009BF821 /* Bazooka.h */,
				3FD1EF8216BB82C5009BF821 /* Bazooka.m */,
				3FD1EF8416BB82E2009BF821 /* Freezer.h */,
				3FD1EF8516BB82E2009BF821 /* Freezer.m */,
			);
			path = Projectfiles;
			sourceTree = "<group>";
		};
		DCC1A39413A94F1A005BD75D /* Resources */ = {
			isa = PBXGroup;
			children = (
				3F708E5916BCFF5F00815F96 /* config.lua */,
				3F708EA316BDCFCF00815F96 /* explosion-hd.png */,
				3F708EA416BDCFCF00815F96 /* explosion.png */,
				3F708EA516BDCFD000815F96 /* powerbar-hd.png */,
				3F708EA616BDCFD000815F96 /* powerbar.png */,
				3F708EA716BDCFD000815F96 /* powerbarcontainer-hd.png */,
				3F708EA816BDCFD000815F96 /* powerbarcontainer.png */,
				3F708DB416BCFA4500815F96 /* an_gameover-hd.png */,
				3F708DB516BCFA4500815F96 /* an_gameover.png */,
				3F708DB616BCFA4500815F96 /* an_level1-hd.png */,
				3F708DB716BCFA4500815F96 /* an_level1.png */,
				3F708DB816BCFA4500815F96 /* an_level2-hd.png */,
				3F708DB916BCFA4500815F96 /* an_level2.png */,
				3F708DBA16BCFA4500815F96 /* an_level3-hd.png */,
				3F708DBB16BCFA4500815F96 /* an_level3.png */,
				3F708DBC16BCFA4500815F96 /* an_level4-hd.png */,
				3F708DBD16BCFA4500815F96 /* an_level4.png */,
				3F708DBE16BCFA4500815F96 /* an_level5-hd.png */,
				3F708DBF16BCFA4500815F96 /* an_level5.png */,
				3F708DC016BCFA4500815F96 /* an_welldone-hd.png */,
				3F708DC116BCFA4500815F96 /* an_welldone.png */,
				3F708DC216BCFA4600815F96 /* bee-hd.plist */,
				3F708DC316BCFA4600815F96 /* bee-hd.png */,
				3F708DC416BCFA4600815F96 /* bee.plist */,
				3F708DC516BCFA4600815F96 /* bee.png */,
				3F708DC616BCFA4600815F96 /* bee1-hd.png */,
				3F708DC716BCFA4600815F96 /* bee1.png */,
				3F708DC816BCFA4600815F96 /* bee2-hd.png */,
				3F708DC916BCFA4600815F96 /* bee2.png */,
				3F708DCA16BCFA4600815F96 /* big sprites for plist generation */,
				3F708DCB16BCFA4600815F96 /* bomb_sel-hd.png */,
				3F708DCC16BCFA4600815F96 /* bomb_sel.png */,
				3F708DCD16BCFA4600815F96 /* bomb-hd.png */,
				3F708DCE16BCFA4600815F96 /* bomb.png */,
				3F708DCF16BCFA4600815F96 /* carniv1-hd.png */,
				3F708DD016BCFA4600815F96 /* carniv1.png */,
				3F708DD116BCFA4600815F96 /* carniv2-hd.png */,
				3F708DD216BCFA4600815F96 /* carniv2.png */,
				3F708DD316BCFA4600815F96 /* carniv3-hd.png */,
				3F708DD416BCFA4600815F96 /* carniv3.png */,
				3F708DD516BCFA4600815F96 /* carniv4-hd.png */,
				3F708DD616BCFA4600815F96 /* carniv4.png */,
				3F708DD716BCFA4600815F96 /* carniv5-hd.png */,
				3F708DD816BCFA4600815F96 /* carniv5.png */,
				3F708DD916BCFA4600815F96 /* carniv6-hd.png */,
				3F708DDA16BCFA4600815F96 /* carniv6.png */,
				3F708DDB16BCFA4600815F96 /* carniv7-hd.png */,
				3F708DDC16BCFA4600815F96 /* carniv7.png */,
				3F708DDD16BCFA4600815F96 /* carniv8-hd.png */,
				3F708DDE16BCFA4600815F96 /* carniv8.png */,
				3F708DDF16BCFA4600815F96 /* carniv9-hd.png */,
				3F708DE016BCFA4600815F96 /* carniv9.png */,
				3F708DE116BCFA4600815F96 /* carniv11-hd.png */,
				3F708DE216BCFA4600815F96 /* carniv11.png */,
				3F708DE316BCFA4600815F96 /* carniv12-hd.png */,
				3F708DE416BCFA4600815F96 /* carniv12.png */,
				3F708DE516BCFA4600815F96 /* carniv13-hd.png */,
				3F708DE616BCFA4600815F96 /* carniv13.png */,
				3F708DE816BCFA4600815F96 /* congrats-hd.png */,
				3F708DE916BCFA4600815F96 /* congrats.png */,
				3F708DEA16BCFA4600815F96 /* congrats2-hd.png */,
				3F708DEB16BCFA4600815F96 /* congrats2.png */,
				3F708DEC16BCFA4600815F96 /* congrats3-hd.png */,
				3F708DED16BCFA4600815F96 /* congrats3.png */,
				3F708DEE16BCFA4600815F96 /* description-hd.png */,
				3F708DEF16BCFA4600815F96 /* description.png */,
				3F708DF016BCFA4600815F96 /* exit_sel-hd.png */,
				3F708DF116BCFA4600815F96 /* exit_sel.png */,
				3F708DF216BCFA4600815F96 /* exit-hd.png */,
				3F708DF316BCFA4600815F96 /* exit.png */,
				3F708DF616BCFA4600815F96 /* fly-hd.plist */,
				3F708DF716BCFA4600815F96 /* fly-hd.png */,
				3F708DF816BCFA4600815F96 /* fly.plist */,
				3F708DF916BCFA4600815F96 /* fly.png */,
				3F708DFA16BCFA4600815F96 /* fly1-hd.png */,
				3F708DFB16BCFA4600815F96 /* fly1.png */,
				3F708DFC16BCFA4600815F96 /* fly2-hd.png */,
				3F708DFD16BCFA4600815F96 /* fly2.png */,
				3F708DFE16BCFA4600815F96 /* gameover-hd.png */,
				3F708DFF16BCFA4600815F96 /* gameover.png */,
				3F708E0616BCFA4600815F96 /* missile-hd.plist */,
				3F708E0716BCFA4600815F96 /* missile-hd.png */,
				3F708E0816BCFA4600815F96 /* missile.plist */,
				3F708E0916BCFA4600815F96 /* missile.png */,
				3F708E0A16BCFA4600815F96 /* missile1-hd.png */,
				3F708E0B16BCFA4600815F96 /* missile1.png */,
				3F708E0C16BCFA4600815F96 /* missile2-hd.png */,
				3F708E0D16BCFA4600815F96 /* missile2.png */,
				3F708E0E16BCFA4600815F96 /* pause_sel-hd.png */,
				3F708E0F16BCFA4600815F96 /* pause_sel.png */,
				3F708E1016BCFA4600815F96 /* pause-hd.png */,
				3F708E1116BCFA4600815F96 /* pause.png */,
				3F708E1216BCFA4600815F96 /* play_sel-hd.png */,
				3F708E1316BCFA4600815F96 /* play_sel.png */,
				3F708E1416BCFA4600815F96 /* play-hd.png */,
				3F708E1516BCFA4600815F96 /* play.png */,
				3F708E1616BCFA4600815F96 /* playagain-hd.png */,
				3F708E1716BCFA4600815F96 /* playagain.png */,
				3F708E1816BCFA4600815F96 /* Pow.caf */,
				3F708E1D16BCFA4600815F96 /* redbug-hd.plist */,
				3F708E1E16BCFA4600815F96 /* redbug-hd.png */,
				3F708E1F16BCFA4600815F96 /* redbug.plist */,
				3F708E2016BCFA4600815F96 /* redbug.png */,
				3F708E2116BCFA4600815F96 /* redbug1-hd.png */,
				3F708E2216BCFA4600815F96 /* redbug1.png */,
				3F708E2316BCFA4600815F96 /* redbug2-hd.png */,
				3F708E2416BCFA4600815F96 /* redbug2.png */,
				3F708E2516BCFA4600815F96 /* redscissors_closed-hd.png */,
				3F708E2616BCFA4600815F96 /* redscissors_closed.png */,
				3F708E2716BCFA4600815F96 /* redscissors_sel-hd.png */,
				3F708E2816BCFA4600815F96 /* redscissors_sel.png */,
				3F708E2916BCFA4600815F96 /* redscissors-hd.png */,
				3F708E2A16BCFA4600815F96 /* redscissors.png */,
				3F708E2B16BCFA4600815F96 /* resume_sel-hd.png */,
				3F708E2C16BCFA4600815F96 /* resume_sel.png */,
				3F708E2D16BCFA4600815F96 /* resume-hd.png */,
				3F708E2E16BCFA4600815F96 /* resume.png */,
				3F708E2F16BCFA4600815F96 /* scissors_closed-hd.png */,
				3F708E3016BCFA4600815F96 /* scissors_closed.png */,
				3F708E3116BCFA4600815F96 /* scissors_sel-hd.png */,
				3F708E3216BCFA4600815F96 /* scissors_sel.png */,
				3F708E3316BCFA4600815F96 /* scissors-hd.png */,
				3F708E3416BCFA4600815F96 /* scissors.png */,
				3F708E3516BCFA4600815F96 /* ship-hd.png */,
				3F708E3616BCFA4600815F96 /* ship.png */,
				3F708E3716BCFA4600815F96 /* thrower1-hd.png */,
				3F708E3816BCFA4600815F96 /* thrower1.png */,
				3F708E3916BCFA4600815F96 /* thrower2-hd.png */,
				3F708E3A16BCFA4600815F96 /* thrower2.png */,
				3F708E3B16BCFA4600815F96 /* thrower3-hd.png */,
				3F708E3C16BCFA4600815F96 /* thrower3.png */,
				3F708E3D16BCFA4600815F96 /* thrower4-hd.png */,
				3F708E3E16BCFA4600815F96 /* thrower4.png */,
				3F708E3F16BCFA4600815F96 /* thrower5-hd.png */,
				3F708E4016BCFA4600815F96 /* thrower5.png */,
				3F708E4116BCFA4600815F96 /* thrower6-hd.png */,
				3F708E4216BCFA4600815F96 /* thrower6.png */,
				3F708E4316BCFA4600815F96 /* thrower7-hd.png */,
				3F708E4416BCFA4600815F96 /* thrower7.png */,
				3F708E4516BCFA4600815F96 /* thrower8-hd.png */,
				3F708E4616BCFA4600815F96 /* thrower8.png */,
				3F708E4716BCFA4600815F96 /* thrower9-hd.png */,
				3F708E4816BCFA4600815F96 /* thrower9.png */,
				3F708E4916BCFA4600815F96 /* thrower10-hd.png */,
				3F708E4A16BCFA4600815F96 /* thrower10.png */,
				3F708E4B16BCFA4600815F96 /* throwleft1-hd.png */,
				3F708E4C16BCFA4600815F96 /* throwleft1.png */,
				3F708E4D16BCFA4600815F96 /* throwleft2-hd.png */,
				3F708E4E16BCFA4600815F96 /* throwleft2.png */,
				3F708E4F16BCFA4600815F96 /* throwright1-hd.png */,
				3F708E5016BCFA4600815F96 /* throwright1.png */,
				3F708E5116BCFA4600815F96 /* throwright2-hd.png */,
				3F708E5216BCFA4600815F96 /* throwright2.png */,
				3F708E5316BCFA4600815F96 /* title-hd.png */,
				3F708E5416BCFA4600815F96 /* title.png */,
				3F708E5516BCFA4600815F96 /* transparent-hd.png */,
				3F708E5616BCFA4600815F96 /* transparent.png */,
				3F708E5B16BD485C00815F96 /* dark-hd.png */,
				3F708E5C16BD485C00815F96 /* dark.png */,
				3F708E5F16BD485C00815F96 /* level1-hd.png */,
				3F708E6016BD485C00815F96 /* level1.png */,
				3F708E6316BD485C00815F96 /* level2-hd.png */,
				3F708E6416BD485C00815F96 /* level2.png */,
				3F708E6716BD485C00815F96 /* level3-hd.png */,
				3F708E6816BD485C00815F96 /* level3.png */,
				3F708E6B16BD485C00815F96 /* level4-hd.png */,
				3F708E6C16BD485C00815F96 /* level4.png */,
				3F708E6F16BD485C00815F96 /* level5-hd.png */,
				3F708E7016BD485C00815F96 /* level5.png */,
				3F708EB516BE2F6D00815F96 /* levels1-hd.png */,
				3F708EB616BE2F6D00815F96 /* levels1.png */,
				3F708EB716BE2F6D00815F96 /* levels2-hd.png */,
				3F708EB816BE2F6D00815F96 /* levels2.png */,
				3F708EB916BE2F6E00815F96 /* levels3-hd.png */,
				3F708EBA16BE2F6E00815F96 /* levels3.png */,
				3F708EBB16BE2F6E00815F96 /* levels4-hd.png */,
				3F708EBC16BE2F6E00815F96 /* levels4.png */,
				3F708EBD16BE2F6E00815F96 /* levels5-hd.png */,
				3F708EBE16BE2F6F00815F96 /* levels5.png */,
				3F708E7116BD485C00815F96 /* selectlevel-hd.png */,
				3F708E7216BD485C00815F96 /* selectlevel.png */,
				3F708E7316BD485C00815F96 /* tryagain-hd.png */,
				3F708E7416BD485D00815F96 /* tryagain.png */,
				3F708E7516BD485D00815F96 /* trythebomb-hd.png */,
				3F708E7616BD485D00815F96 /* trythebomb.png */,
				3F708E7716BD485D00815F96 /* unlock2-hd.png */,
				3F708E7816BD485D00815F96 /* unlock2.png */,
				3F708E7916BD485D00815F96 /* unlock3-hd.png */,
				3F708E7A16BD485D00815F96 /* unlock3.png */,
				3F708E7B16BD485D00815F96 /* unlock4-hd.png */,
				3F708E7C16BD485D00815F96 /* unlock4.png */,
				3F708E7D16BD485D00815F96 /* unlock5-hd.png */,
				3F708E7E16BD485D00815F96 /* unlock5.png */,
			);
			path = Resources;
			sourceTree = "<group>";
		};
		DCC1A3CF13A94F2C005BD75D /* Supporting Files */ = {
			isa = PBXGroup;
			children = (
				DCC1A39113A94F1A005BD75D /* main.m */,
				DCC1A39213A94F1A005BD75D /* Prefix-iOS.pch */,
				DCC1A39313A94F1A005BD75D /* Prefix-Mac.pch */,
			);
			name = "Supporting Files";
			sourceTree = "<group>";
		};
		DCFA90ED13B4F6A0009DD35A /* BuildSettings */ = {
			isa = PBXGroup;
			children = (
				DCFA90EF13B4F6F7009DD35A /* BuildSettings-Debug-iOS.xcconfig */,
				DCFA90F013B4F811009DD35A /* BuildSettings-Release-iOS.xcconfig */,
				DC3BE97813B4FB71003739CC /* BuildSettings-iOS.xcconfig */,
				DC9C33E713B5024400931BF2 /* BuildSettings-Debug-Mac.xcconfig */,
				DC9C33E913B5024400931BF2 /* BuildSettings-Release-Mac.xcconfig */,
				DC9C33E813B5024400931BF2 /* BuildSettings-Mac.xcconfig */,
			);
			path = BuildSettings;
			sourceTree = "<group>";
		};
/* End PBXGroup section */

/* Begin PBXNativeTarget section */
		DCC1A0E213A94ED5005BD75D /* flyvsplants1-iOS */ = {
			isa = PBXNativeTarget;
			buildConfigurationList = DCC1A25313A94ED7005BD75D /* Build configuration list for PBXNativeTarget "flyvsplants1-iOS" */;
			buildPhases = (
				DCC1A0DF13A94ED5005BD75D /* Sources */,
				DCC1A0E013A94ED5005BD75D /* Frameworks */,
				DCC1A0E113A94ED5005BD75D /* Resources */,
			);
			buildRules = (
			);
			dependencies = (
			);
			name = "flyvsplants1-iOS";
			productName = "Hello-World-iOS";
			productReference = DCC1A0E313A94ED5005BD75D /* flyvsplants1-iOS.app */;
			productType = "com.apple.product-type.application";
		};
		DCC1A25913A94EE6005BD75D /* flyvsplants1-Mac */ = {
			isa = PBXNativeTarget;
			buildConfigurationList = DCC1A38913A94EE7005BD75D /* Build configuration list for PBXNativeTarget "flyvsplants1-Mac" */;
			buildPhases = (
				DCC1A25613A94EE6005BD75D /* Sources */,
				DCC1A25713A94EE6005BD75D /* Frameworks */,
				DCC1A25813A94EE6005BD75D /* Resources */,
			);
			buildRules = (
			);
			dependencies = (
			);
			name = "flyvsplants1-Mac";
			productName = "Hello-World-Mac";
			productReference = DCC1A25A13A94EE6005BD75D /* flyvsplants1-Mac.app */;
			productType = "com.apple.product-type.application";
		};
/* End PBXNativeTarget section */

/* Begin PBXProject section */
		DCC1A0D813A94EC0005BD75D /* Project object */ = {
			isa = PBXProject;
			attributes = {
				LastUpgradeCheck = 0450;
			};
			buildConfigurationList = DCC1A0DB13A94EC0005BD75D /* Build configuration list for PBXProject "flyvsplants1" */;
			compatibilityVersion = "Xcode 3.2";
			developmentRegion = English;
			hasScannedForEncodings = 0;
			knownRegions = (
				en,
				English,
			);
			mainGroup = DCC1A0D613A94EC0005BD75D;
			productRefGroup = DCC1A0E413A94ED5005BD75D /* Products */;
			projectDirPath = "";
			projectRoot = "";
			targets = (
				DCC1A0E213A94ED5005BD75D /* flyvsplants1-iOS */,
				DCC1A25913A94EE6005BD75D /* flyvsplants1-Mac */,
			);
		};
/* End PBXProject section */

/* Begin PBXResourcesBuildPhase section */
		DCC1A0E113A94ED5005BD75D /* Resources */ = {
			isa = PBXResourcesBuildPhase;
			buildActionMask = 2147483647;
			files = (
				DCC1A0FA13A94ED5005BD75D /* Default.png in Resources */,
				DCC1A0FC13A94ED5005BD75D /* fps_images.png in Resources */,
				DCC1A0FE13A94ED5005BD75D /* Icon-72.png in Resources */,
				DCC1A10013A94ED5005BD75D /* Icon-Small-50.png in Resources */,
				DCC1A10213A94ED5005BD75D /* Icon-Small.png in Resources */,
				DCC1A10413A94ED5005BD75D /* Icon-Small@2x.png in Resources */,
				DCC1A10613A94ED5005BD75D /* Icon.png in Resources */,
				DCC1A10813A94ED5005BD75D /* Icon@2x.png in Resources */,
				DC1BE6A014F417CC00F49D25 /* Ubuntu-B.ttf in Resources */,
				DC1BE6A114F417CC00F49D25 /* Ubuntu-BI.ttf in Resources */,
				DC1BE6A214F417CC00F49D25 /* Ubuntu-C.ttf in Resources */,
				DC1BE6A314F417CC00F49D25 /* Ubuntu-L.ttf in Resources */,
				DC1BE6A414F417CC00F49D25 /* Ubuntu-LI.ttf in Resources */,
				DC1BE6A514F417CC00F49D25 /* Ubuntu-M.ttf in Resources */,
				DC1BE6A614F417CC00F49D25 /* Ubuntu-MI.ttf in Resources */,
				DC1BE6A714F417CC00F49D25 /* Ubuntu-R.ttf in Resources */,
				DC1BE6A814F417CC00F49D25 /* Ubuntu-RI.ttf in Resources */,
				DC1BE6A914F417CC00F49D25 /* UbuntuMono-B.ttf in Resources */,
				DC1BE6AA14F417CC00F49D25 /* UbuntuMono-BI.ttf in Resources */,
				DC1BE6AB14F417CC00F49D25 /* UbuntuMono-R.ttf in Resources */,
				DC1BE6AC14F417CC00F49D25 /* UbuntuMono-RI.ttf in Resources */,
				DC26D6DA14B9F2C600B6002E /* fps_images-hd.png in Resources */,
				DC65617315114B4A00E59F8A /* fps_images-ipadhd.png in Resources */,
				DC2721A2160CAEB600D88944 /* Default-568h@2x.png in Resources */,
				DC2721AA160CAFC700D88944 /* iTunesArtwork in Resources */,
				3F708E5A16BCFF5F00815F96 /* config.lua in Resources */,
				3F708E7F16BD485D00815F96 /* dark-hd.png in Resources */,
				3F708E8016BD485D00815F96 /* dark.png in Resources */,
				3F708E8316BD485D00815F96 /* level1-hd.png in Resources */,
				3F708E8416BD485D00815F96 /* level1.png in Resources */,
				3F708E8716BD485D00815F96 /* level2-hd.png in Resources */,
				3F708E8816BD485D00815F96 /* level2.png in Resources */,
				3F708E8B16BD485D00815F96 /* level3-hd.png in Resources */,
				3F708E8C16BD485D00815F96 /* level3.png in Resources */,
				3F708E8F16BD485D00815F96 /* level4-hd.png in Resources */,
				3F708E9016BD485D00815F96 /* level4.png in Resources */,
				3F708E9316BD485D00815F96 /* level5-hd.png in Resources */,
				3F708E9416BD485D00815F96 /* level5.png in Resources */,
				3F708E9516BD485D00815F96 /* selectlevel-hd.png in Resources */,
				3F708E9616BD485D00815F96 /* selectlevel.png in Resources */,
				3F708E9716BD485D00815F96 /* tryagain-hd.png in Resources */,
				3F708E9816BD485D00815F96 /* tryagain.png in Resources */,
				3F708E9916BD485D00815F96 /* trythebomb-hd.png in Resources */,
				3F708E9A16BD485D00815F96 /* trythebomb.png in Resources */,
				3F708E9B16BD485D00815F96 /* unlock2-hd.png in Resources */,
				3F708E9C16BD485D00815F96 /* unlock2.png in Resources */,
				3F708E9D16BD485D00815F96 /* unlock3-hd.png in Resources */,
				3F708E9E16BD485D00815F96 /* unlock3.png in Resources */,
				3F708E9F16BD485D00815F96 /* unlock4-hd.png in Resources */,
				3F708EA016BD485D00815F96 /* unlock4.png in Resources */,
				3F708EA116BD485D00815F96 /* unlock5-hd.png in Resources */,
				3F708EA216BD485D00815F96 /* unlock5.png in Resources */,
				3F708EA916BDCFD000815F96 /* explosion-hd.png in Resources */,
				3F708EAA16BDCFD000815F96 /* explosion.png in Resources */,
				3F708EAB16BDCFD000815F96 /* powerbar-hd.png in Resources */,
				3F708EAC16BDCFD000815F96 /* powerbar.png in Resources */,
				3F708EAD16BDCFD000815F96 /* powerbarcontainer-hd.png in Resources */,
				3F708EAE16BDCFD000815F96 /* powerbarcontainer.png in Resources */,
				3F708EBF16BE2F7100815F96 /* levels1-hd.png in Resources */,
				3F708EC016BE2F7100815F96 /* levels1.png in Resources */,
				3F708EC116BE2F7100815F96 /* levels2-hd.png in Resources */,
				3F708EC216BE2F7100815F96 /* levels2.png in Resources */,
				3F708EC316BE2F7100815F96 /* levels3-hd.png in Resources */,
				3F708EC416BE2F7100815F96 /* levels3.png in Resources */,
				3F708EC516BE2F7100815F96 /* levels4-hd.png in Resources */,
				3F708EC616BE2F7100815F96 /* levels4.png in Resources */,
				3F708EC716BE2F7100815F96 /* levels5-hd.png in Resources */,
				3F708EC816BE2F7100815F96 /* levels5.png in Resources */,
			);
			runOnlyForDeploymentPostprocessing = 0;
		};
		DCC1A25813A94EE6005BD75D /* Resources */ = {
			isa = PBXResourcesBuildPhase;
			buildActionMask = 2147483647;
			files = (
				DCC1A26913A94EE6005BD75D /* InfoPlist.strings in Resources */,
				DCC1A26C13A94EE6005BD75D /* MainMenu.xib in Resources */,
				DCC1A26E13A94EE6005BD75D /* fps_images.png in Resources */,
				DCC1A27013A94EE6005BD75D /* icon.icns in Resources */,
				DC26D6DB14B9F2C600B6002E /* fps_images-hd.png in Resources */,
			);
			runOnlyForDeploymentPostprocessing = 0;
		};
/* End PBXResourcesBuildPhase section */

/* Begin PBXSourcesBuildPhase section */
		DCC1A0DF13A94ED5005BD75D /* Sources */ = {
			isa = PBXSourcesBuildPhase;
			buildActionMask = 2147483647;
			files = (
				DCC1A3A913A94F1A005BD75D /* AppDelegate.m in Sources */,
				DCC1A3AD13A94F1A005BD75D /* main.m in Sources */,
				3FA61EE416AF31F300A65E8F /* Plant.m in Sources */,
				3FA61F0B16AFB7DB00A65E8F /* StartLayer.m in Sources */,
				3FA61F0D16AFBC5300A65E8F /* Level1.m in Sources */,
				3F46EED716B09EA400456009 /* Level2.m in Sources */,
				3F46EF0916B2149A00456009 /* Level3.m in Sources */,
				3F46EF4116BA4C6400456009 /* MissilePlant.m in Sources */,
				3F46EF4516BA5CB200456009 /* Missile.m in Sources */,
				3F46EF4816BA6AE100456009 /* Fly.m in Sources */,
				3F46EF4B16BA980700456009 /* Bee.m in Sources */,
				3FD1EF7D16BB2F9C009BF821 /* Redbug.m in Sources */,
				3FD1EF8016BB3179009BF821 /* Bomb.m in Sources */,
				3FD1EF8316BB82C6009BF821 /* Bazooka.m in Sources */,
				3FD1EF8616BB82E3009BF821 /* Freezer.m in Sources */,
				3FD1F00616BC04E9009BF821 /* Level4.m in Sources */,
				3F506CF216BC9A3C0005A85E /* Level5.m in Sources */,
				3F708EB116BE232900815F96 /* Congrats.m in Sources */,
				3F708EB416BE23A300815F96 /* Global.m in Sources */,
				3F708ECB16BE38F800815F96 /* Bug.m in Sources */,
			);
			runOnlyForDeploymentPostprocessing = 0;
		};
		DCC1A25613A94EE6005BD75D /* Sources */ = {
			isa = PBXSourcesBuildPhase;
			buildActionMask = 2147483647;
			files = (
				DCC1A3AA13A94F1A005BD75D /* AppDelegate.m in Sources */,
				DCC1A3AE13A94F1A005BD75D /* main.m in Sources */,
			);
			runOnlyForDeploymentPostprocessing = 0;
		};
/* End PBXSourcesBuildPhase section */

/* Begin PBXVariantGroup section */
		DCC1A26713A94EE6005BD75D /* InfoPlist.strings */ = {
			isa = PBXVariantGroup;
			children = (
				DCC1A26813A94EE6005BD75D /* English */,
			);
			name = InfoPlist.strings;
			sourceTree = "<group>";
		};
		DCC1A26A13A94EE6005BD75D /* MainMenu.xib */ = {
			isa = PBXVariantGroup;
			children = (
				DCC1A26B13A94EE6005BD75D /* English */,
			);
			name = MainMenu.xib;
			sourceTree = "<group>";
		};
/* End PBXVariantGroup section */

/* Begin XCBuildConfiguration section */
		DCC1A0DD13A94EC0005BD75D /* Debug */ = {
			isa = XCBuildConfiguration;
			buildSettings = {
			};
			name = Debug;
		};
		DCC1A0DE13A94EC0005BD75D /* Release */ = {
			isa = XCBuildConfiguration;
			buildSettings = {
			};
			name = Release;
		};
		DCC1A25413A94ED7005BD75D /* Debug */ = {
			isa = XCBuildConfiguration;
			baseConfigurationReference = DCFA90EF13B4F6F7009DD35A /* BuildSettings-Debug-iOS.xcconfig */;
			buildSettings = {
				LIBRARY_SEARCH_PATHS = (
					"$(inherited)",
					"\"$(SRCROOT)/../__Kobold2D__/libs/GoogleAdMobAdsSDK\"",
				);
				PRODUCT_NAME = "flyvsplants1-iOS";
			};
			name = Debug;
		};
		DCC1A25513A94ED7005BD75D /* Release */ = {
			isa = XCBuildConfiguration;
			baseConfigurationReference = DCFA90F013B4F811009DD35A /* BuildSettings-Release-iOS.xcconfig */;
			buildSettings = {
				LIBRARY_SEARCH_PATHS = (
					"$(inherited)",
					"\"$(SRCROOT)/../__Kobold2D__/libs/GoogleAdMobAdsSDK\"",
				);
				PRODUCT_NAME = "flyvsplants1-iOS";
			};
			name = Release;
		};
		DCC1A38A13A94EE7005BD75D /* Debug */ = {
			isa = XCBuildConfiguration;
			baseConfigurationReference = DC9C33E713B5024400931BF2 /* BuildSettings-Debug-Mac.xcconfig */;
			buildSettings = {
				COMBINE_HIDPI_IMAGES = YES;
				PRODUCT_NAME = "flyvsplants1-Mac";
			};
			name = Debug;
		};
		DCC1A38B13A94EE7005BD75D /* Release */ = {
			isa = XCBuildConfiguration;
			baseConfigurationReference = DC9C33E913B5024400931BF2 /* BuildSettings-Release-Mac.xcconfig */;
			buildSettings = {
				COMBINE_HIDPI_IMAGES = YES;
				PRODUCT_NAME = "flyvsplants1-Mac";
			};
			name = Release;
		};
/* End XCBuildConfiguration section */

/* Begin XCConfigurationList section */
		DCC1A0DB13A94EC0005BD75D /* Build configuration list for PBXProject "flyvsplants1" */ = {
			isa = XCConfigurationList;
			buildConfigurations = (
				DCC1A0DD13A94EC0005BD75D /* Debug */,
				DCC1A0DE13A94EC0005BD75D /* Release */,
			);
			defaultConfigurationIsVisible = 0;
			defaultConfigurationName = Release;
		};
		DCC1A25313A94ED7005BD75D /* Build configuration list for PBXNativeTarget "flyvsplants1-iOS" */ = {
			isa = XCConfigurationList;
			buildConfigurations = (
				DCC1A25413A94ED7005BD75D /* Debug */,
				DCC1A25513A94ED7005BD75D /* Release */,
			);
			defaultConfigurationIsVisible = 0;
			defaultConfigurationName = Release;
		};
		DCC1A38913A94EE7005BD75D /* Build configuration list for PBXNativeTarget "flyvsplants1-Mac" */ = {
			isa = XCConfigurationList;
			buildConfigurations = (
				DCC1A38A13A94EE7005BD75D /* Debug */,
				DCC1A38B13A94EE7005BD75D /* Release */,
			);
			defaultConfigurationIsVisible = 0;
			defaultConfigurationName = Release;
		};
/* End XCConfigurationList section */
	};
	rootObject = DCC1A0D813A94EC0005BD75D /* Project object */;
}
